// !$*UTF8*$!
{
	archiveVersion = 1;
	classes = {
	};
	objectVersion = 46;
	objects = {

/* Begin PBXBuildFile section */
		1B4665530605D24E7EBBFF5C /* Pods_SSBaseKit.framework in Frameworks */ = {isa = PBXBuildFile; fileRef = 8AAB8292968023680995BEF7 /* Pods_SSBaseKit.framework */; settings = {ATTRIBUTES = (Required, ); }; };
		AF261A7BEE59165292C8BFED /* Pods_ios.framework in Frameworks */ = {isa = PBXBuildFile; fileRef = 8DAAA301493F9EF28A3012B2 /* Pods_ios.framework */; };
		CB0C75931EEA54CC00E28AA3 /* AASRegionChoiceView.h in Headers */ = {isa = PBXBuildFile; fileRef = CB0C75911EEA54CC00E28AA3 /* AASRegionChoiceView.h */; settings = {ATTRIBUTES = (Public, ); }; };
		CB0C75941EEA54CC00E28AA3 /* AASRegionChoiceView.m in Sources */ = {isa = PBXBuildFile; fileRef = CB0C75921EEA54CC00E28AA3 /* AASRegionChoiceView.m */; };
		CB17995C1EF0CC2C00EA83FC /* AMDMJRefresh.bundle in Resources */ = {isa = PBXBuildFile; fileRef = CB17995B1EF0CC2C00EA83FC /* AMDMJRefresh.bundle */; };
		CB1DF4CD1EE66EAE00B93F81 /* UIView+AMDMJExtension.m in Sources */ = {isa = PBXBuildFile; fileRef = CB47CCFD1EE6480B00D81CA3 /* UIView+AMDMJExtension.m */; };
		CB2D53421F15B5AC005A1B3F /* AMDSexSetView.h in Headers */ = {isa = PBXBuildFile; fileRef = CB2D53401F15B5AC005A1B3F /* AMDSexSetView.h */; settings = {ATTRIBUTES = (Public, ); }; };
		CB2D53431F15B5AC005A1B3F /* AMDSexSetView.m in Sources */ = {isa = PBXBuildFile; fileRef = CB2D53411F15B5AC005A1B3F /* AMDSexSetView.m */; };
		CB2D53441F15B5FA005A1B3F /* AMDSexSetView.m in Sources */ = {isa = PBXBuildFile; fileRef = CB2D53411F15B5AC005A1B3F /* AMDSexSetView.m */; };
		CB34AE171F18C5540006A562 /* AMDControllerTransitionDelegate.h in Headers */ = {isa = PBXBuildFile; fileRef = CB34AE161F18C5540006A562 /* AMDControllerTransitionDelegate.h */; settings = {ATTRIBUTES = (Public, ); }; };
		CB34AE191F18D4950006A562 /* SSKeyBoard.bundle in Resources */ = {isa = PBXBuildFile; fileRef = CB34AE181F18D4950006A562 /* SSKeyBoard.bundle */; };
		CB34AE1A1F18D4970006A562 /* SSKeyBoard.bundle in Resources */ = {isa = PBXBuildFile; fileRef = CB34AE181F18D4950006A562 /* SSKeyBoard.bundle */; };
		CB3E39FF1F382F590003DB57 /* SSBaseKit.bundle in Resources */ = {isa = PBXBuildFile; fileRef = CB3E39FE1F382F590003DB57 /* SSBaseKit.bundle */; };
		CB3E3A001F382F590003DB57 /* SSBaseKit.bundle in Resources */ = {isa = PBXBuildFile; fileRef = CB3E39FE1F382F590003DB57 /* SSBaseKit.bundle */; };
		CB44376B1F3192DA00FF108C /* AMDSelectItemView.h in Headers */ = {isa = PBXBuildFile; fileRef = CB4437691F3192DA00FF108C /* AMDSelectItemView.h */; settings = {ATTRIBUTES = (Public, ); }; };
		CB44376C1F3192DA00FF108C /* AMDSelectItemView.m in Sources */ = {isa = PBXBuildFile; fileRef = CB44376A1F3192DA00FF108C /* AMDSelectItemView.m */; };
		CB44376D1F3192DA00FF108C /* AMDSelectItemView.m in Sources */ = {isa = PBXBuildFile; fileRef = CB44376A1F3192DA00FF108C /* AMDSelectItemView.m */; };
		CB45E3C91F2B3462009BB7C6 /* AMDBaseView.m in Sources */ = {isa = PBXBuildFile; fileRef = CB47CC6E1EE6471A00D81CA3 /* AMDBaseView.m */; };
		CB45E3CA1F2B346F009BB7C6 /* AMDRootViewController.m in Sources */ = {isa = PBXBuildFile; fileRef = CB47CC511EE6471A00D81CA3 /* AMDRootViewController.m */; };
		CB45E3CB1F2B3475009BB7C6 /* AMDTabbarController.m in Sources */ = {isa = PBXBuildFile; fileRef = CB47CC531EE6471A00D81CA3 /* AMDTabbarController.m */; };
		CB45E3CC1F2B3477009BB7C6 /* AMDTabbarItem.m in Sources */ = {isa = PBXBuildFile; fileRef = CB47CC551EE6471A00D81CA3 /* AMDTabbarItem.m */; };
		CB45E3CD1F2B3479009BB7C6 /* AMDWebViewController.m in Sources */ = {isa = PBXBuildFile; fileRef = CB47CC571EE6471A00D81CA3 /* AMDWebViewController.m */; };
		CB45E3CE1F2B347D009BB7C6 /* AASRegionChoiceView.m in Sources */ = {isa = PBXBuildFile; fileRef = CB0C75921EEA54CC00E28AA3 /* AASRegionChoiceView.m */; };
		CB45E3CF1F2B3480009BB7C6 /* AMDAnimationWebView.m in Sources */ = {isa = PBXBuildFile; fileRef = CB47CC361EE6471A00D81CA3 /* AMDAnimationWebView.m */; };
		CB45E3D01F2B3482009BB7C6 /* AMDImgViewLabelView.m in Sources */ = {isa = PBXBuildFile; fileRef = CB47CC3A1EE6471A00D81CA3 /* AMDImgViewLabelView.m */; };
		CB45E3D11F2B3484009BB7C6 /* AMDKeyboradView.m in Sources */ = {isa = PBXBuildFile; fileRef = CB47CC3C1EE6471A00D81CA3 /* AMDKeyboradView.m */; };
		CB45E3D21F2B3486009BB7C6 /* AMDLabelFieldView.m in Sources */ = {isa = PBXBuildFile; fileRef = CB47CC3E1EE6471A00D81CA3 /* AMDLabelFieldView.m */; };
		CB45E3D31F2B3489009BB7C6 /* AMDLabelShowView.m in Sources */ = {isa = PBXBuildFile; fileRef = CB47CC401EE6471A00D81CA3 /* AMDLabelShowView.m */; };
		CB45E3D41F2B348B009BB7C6 /* AMDLabelSwitchView.m in Sources */ = {isa = PBXBuildFile; fileRef = CB47CC421EE6471A00D81CA3 /* AMDLabelSwitchView.m */; };
		CB45E3D51F2B348C009BB7C6 /* AMDLabelTextView.m in Sources */ = {isa = PBXBuildFile; fileRef = CB47CC441EE6471A00D81CA3 /* AMDLabelTextView.m */; };
		CB45E3D61F2B348E009BB7C6 /* AMDLoadingView.m in Sources */ = {isa = PBXBuildFile; fileRef = CB47CC461EE6471A00D81CA3 /* AMDLoadingView.m */; };
		CB45E3D71F2B3491009BB7C6 /* AMDMultipleTypeView.m in Sources */ = {isa = PBXBuildFile; fileRef = CB47CC481EE6471A00D81CA3 /* AMDMultipleTypeView.m */; };
		CB45E3D81F2B3492009BB7C6 /* AMDSetAmountView.m in Sources */ = {isa = PBXBuildFile; fileRef = CB47CC4A1EE6471A00D81CA3 /* AMDSetAmountView.m */; };
		CB45E3D91F2B3495009BB7C6 /* AMDWebViewPopverView.m in Sources */ = {isa = PBXBuildFile; fileRef = CB47CC4D1EE6471A00D81CA3 /* AMDWebViewPopverView.m */; };
		CB45E3DB1F2B34A7009BB7C6 /* AMDWebViewProgress.m in Sources */ = {isa = PBXBuildFile; fileRef = CB47CC5E1EE6471A00D81CA3 /* AMDWebViewProgress.m */; };
		CB45E3DD1F2B34AA009BB7C6 /* UIView+SSExtension.m in Sources */ = {isa = PBXBuildFile; fileRef = CB47CC651EE6471A00D81CA3 /* UIView+SSExtension.m */; };
		CB45E3DE1F2B34AF009BB7C6 /* AMDBackControl.m in Sources */ = {isa = PBXBuildFile; fileRef = CB47CC6A1EE6471A00D81CA3 /* AMDBackControl.m */; };
		CB45E3DF1F2B34B0009BB7C6 /* AMDBaseCell.m in Sources */ = {isa = PBXBuildFile; fileRef = CB47CC6C1EE6471A00D81CA3 /* AMDBaseCell.m */; };
		CB45E3E01F2B34B4009BB7C6 /* AMDButton.m in Sources */ = {isa = PBXBuildFile; fileRef = CB47CC701EE6471A00D81CA3 /* AMDButton.m */; };
		CB45E3E11F2B34B6009BB7C6 /* AMDCopyLabel.m in Sources */ = {isa = PBXBuildFile; fileRef = CB47CC721EE6471A00D81CA3 /* AMDCopyLabel.m */; };
		CB45E3E21F2B34B8009BB7C6 /* AMDImageView.m in Sources */ = {isa = PBXBuildFile; fileRef = CB47CC741EE6471A00D81CA3 /* AMDImageView.m */; };
		CB45E3E31F2B34B9009BB7C6 /* AMDLineView.m in Sources */ = {isa = PBXBuildFile; fileRef = CB47CC761EE6471A00D81CA3 /* AMDLineView.m */; };
		CB45E3E41F2B34BC009BB7C6 /* AMDNoDataView.m in Sources */ = {isa = PBXBuildFile; fileRef = CB47CC781EE6471A00D81CA3 /* AMDNoDataView.m */; };
		CB45E3E51F2B34BE009BB7C6 /* AMDProgressView.m in Sources */ = {isa = PBXBuildFile; fileRef = CB47CC7A1EE6471A00D81CA3 /* AMDProgressView.m */; };
		CB45E3E61F2B34C0009BB7C6 /* AMDRootNavgationBar.m in Sources */ = {isa = PBXBuildFile; fileRef = CB47CC7C1EE6471A00D81CA3 /* AMDRootNavgationBar.m */; };
		CB45E3E71F2B34C2009BB7C6 /* AMDScrollView.m in Sources */ = {isa = PBXBuildFile; fileRef = CB47CC7E1EE6471A00D81CA3 /* AMDScrollView.m */; };
		CB45E3E81F2B34C4009BB7C6 /* AMDSegmentedControl.m in Sources */ = {isa = PBXBuildFile; fileRef = CB47CC801EE6471A00D81CA3 /* AMDSegmentedControl.m */; };
		CB45E3E91F2B34C6009BB7C6 /* AMDTextField.m in Sources */ = {isa = PBXBuildFile; fileRef = CB47CC821EE6471A00D81CA3 /* AMDTextField.m */; };
		CB45E3EA1F2B34C9009BB7C6 /* AYEActionSheetView.m in Sources */ = {isa = PBXBuildFile; fileRef = CB47CC841EE6471A00D81CA3 /* AYEActionSheetView.m */; };
		CB45E3EB1F2B34CB009BB7C6 /* AYESheetCell.m in Sources */ = {isa = PBXBuildFile; fileRef = CB47CC861EE6471A00D81CA3 /* AYESheetCell.m */; };
		CB45E3EC1F2B34CC009BB7C6 /* CustomTextView.m in Sources */ = {isa = PBXBuildFile; fileRef = CB47CC911EE6471A00D81CA3 /* CustomTextView.m */; };
		CB45E3ED1F2B34CF009BB7C6 /* CustomTableView.m in Sources */ = {isa = PBXBuildFile; fileRef = CB47CC8C1EE6471A00D81CA3 /* CustomTableView.m */; };
		CB45E3EE1F2B34D0009BB7C6 /* GeneralTableView.m in Sources */ = {isa = PBXBuildFile; fileRef = CB47CC8F1EE6471A00D81CA3 /* GeneralTableView.m */; };
		CB4724F51F95FEFB00F14E87 /* AMDCloseControl.h in Headers */ = {isa = PBXBuildFile; fileRef = CB4724F31F95FEFB00F14E87 /* AMDCloseControl.h */; };
		CB4724F61F95FEFB00F14E87 /* AMDCloseControl.m in Sources */ = {isa = PBXBuildFile; fileRef = CB4724F41F95FEFB00F14E87 /* AMDCloseControl.m */; };
		CB4724F71F95FF0100F14E87 /* AMDCloseControl.m in Sources */ = {isa = PBXBuildFile; fileRef = CB4724F41F95FEFB00F14E87 /* AMDCloseControl.m */; };
		CB4724F91F9602CB00F14E87 /* UIView+AMDMJExtension.m in Sources */ = {isa = PBXBuildFile; fileRef = CB47CCFD1EE6480B00D81CA3 /* UIView+AMDMJExtension.m */; };
		CB47BE351F7B628400F1BA65 /* TestController.m in Sources */ = {isa = PBXBuildFile; fileRef = CB47BE341F7B628400F1BA65 /* TestController.m */; };
		CB47CC2A1EE6471000D81CA3 /* SSBaseKit.h in Headers */ = {isa = PBXBuildFile; fileRef = CB47CC281EE6471000D81CA3 /* SSBaseKit.h */; settings = {ATTRIBUTES = (Public, ); }; };
		CB47CC941EE6471A00D81CA3 /* AMDAnimationWebView.h in Headers */ = {isa = PBXBuildFile; fileRef = CB47CC351EE6471A00D81CA3 /* AMDAnimationWebView.h */; settings = {ATTRIBUTES = (Public, ); }; };
		CB47CC951EE6471A00D81CA3 /* AMDAnimationWebView.m in Sources */ = {isa = PBXBuildFile; fileRef = CB47CC361EE6471A00D81CA3 /* AMDAnimationWebView.m */; };
		CB47CC981EE6471A00D81CA3 /* AMDImgViewLabelView.h in Headers */ = {isa = PBXBuildFile; fileRef = CB47CC391EE6471A00D81CA3 /* AMDImgViewLabelView.h */; settings = {ATTRIBUTES = (Public, ); }; };
		CB47CC991EE6471A00D81CA3 /* AMDImgViewLabelView.m in Sources */ = {isa = PBXBuildFile; fileRef = CB47CC3A1EE6471A00D81CA3 /* AMDImgViewLabelView.m */; };
		CB47CC9A1EE6471A00D81CA3 /* AMDKeyboradView.h in Headers */ = {isa = PBXBuildFile; fileRef = CB47CC3B1EE6471A00D81CA3 /* AMDKeyboradView.h */; settings = {ATTRIBUTES = (Public, ); }; };
		CB47CC9B1EE6471A00D81CA3 /* AMDKeyboradView.m in Sources */ = {isa = PBXBuildFile; fileRef = CB47CC3C1EE6471A00D81CA3 /* AMDKeyboradView.m */; };
		CB47CC9C1EE6471A00D81CA3 /* AMDLabelFieldView.h in Headers */ = {isa = PBXBuildFile; fileRef = CB47CC3D1EE6471A00D81CA3 /* AMDLabelFieldView.h */; settings = {ATTRIBUTES = (Public, ); }; };
		CB47CC9D1EE6471A00D81CA3 /* AMDLabelFieldView.m in Sources */ = {isa = PBXBuildFile; fileRef = CB47CC3E1EE6471A00D81CA3 /* AMDLabelFieldView.m */; };
		CB47CC9E1EE6471A00D81CA3 /* AMDLabelShowView.h in Headers */ = {isa = PBXBuildFile; fileRef = CB47CC3F1EE6471A00D81CA3 /* AMDLabelShowView.h */; settings = {ATTRIBUTES = (Public, ); }; };
		CB47CC9F1EE6471A00D81CA3 /* AMDLabelShowView.m in Sources */ = {isa = PBXBuildFile; fileRef = CB47CC401EE6471A00D81CA3 /* AMDLabelShowView.m */; };
		CB47CCA01EE6471A00D81CA3 /* AMDLabelSwitchView.h in Headers */ = {isa = PBXBuildFile; fileRef = CB47CC411EE6471A00D81CA3 /* AMDLabelSwitchView.h */; settings = {ATTRIBUTES = (Public, ); }; };
		CB47CCA11EE6471A00D81CA3 /* AMDLabelSwitchView.m in Sources */ = {isa = PBXBuildFile; fileRef = CB47CC421EE6471A00D81CA3 /* AMDLabelSwitchView.m */; };
		CB47CCA21EE6471A00D81CA3 /* AMDLabelTextView.h in Headers */ = {isa = PBXBuildFile; fileRef = CB47CC431EE6471A00D81CA3 /* AMDLabelTextView.h */; settings = {ATTRIBUTES = (Public, ); }; };
		CB47CCA31EE6471A00D81CA3 /* AMDLabelTextView.m in Sources */ = {isa = PBXBuildFile; fileRef = CB47CC441EE6471A00D81CA3 /* AMDLabelTextView.m */; };
		CB47CCA41EE6471A00D81CA3 /* AMDLoadingView.h in Headers */ = {isa = PBXBuildFile; fileRef = CB47CC451EE6471A00D81CA3 /* AMDLoadingView.h */; settings = {ATTRIBUTES = (Public, ); }; };
		CB47CCA51EE6471A00D81CA3 /* AMDLoadingView.m in Sources */ = {isa = PBXBuildFile; fileRef = CB47CC461EE6471A00D81CA3 /* AMDLoadingView.m */; };
		CB47CCA61EE6471A00D81CA3 /* AMDMultipleTypeView.h in Headers */ = {isa = PBXBuildFile; fileRef = CB47CC471EE6471A00D81CA3 /* AMDMultipleTypeView.h */; settings = {ATTRIBUTES = (Public, ); }; };
		CB47CCA71EE6471A00D81CA3 /* AMDMultipleTypeView.m in Sources */ = {isa = PBXBuildFile; fileRef = CB47CC481EE6471A00D81CA3 /* AMDMultipleTypeView.m */; };
		CB47CCA81EE6471A00D81CA3 /* AMDSetAmountView.h in Headers */ = {isa = PBXBuildFile; fileRef = CB47CC491EE6471A00D81CA3 /* AMDSetAmountView.h */; settings = {ATTRIBUTES = (Public, ); }; };
		CB47CCA91EE6471A00D81CA3 /* AMDSetAmountView.m in Sources */ = {isa = PBXBuildFile; fileRef = CB47CC4A1EE6471A00D81CA3 /* AMDSetAmountView.m */; };
		CB47CCAA1EE6471A00D81CA3 /* AMDWebViewDelegate.h in Headers */ = {isa = PBXBuildFile; fileRef = CB47CC4B1EE6471A00D81CA3 /* AMDWebViewDelegate.h */; settings = {ATTRIBUTES = (Public, ); }; };
		CB47CCAB1EE6471A00D81CA3 /* AMDWebViewPopverView.h in Headers */ = {isa = PBXBuildFile; fileRef = CB47CC4C1EE6471A00D81CA3 /* AMDWebViewPopverView.h */; settings = {ATTRIBUTES = (Public, ); }; };
		CB47CCAC1EE6471A00D81CA3 /* AMDWebViewPopverView.m in Sources */ = {isa = PBXBuildFile; fileRef = CB47CC4D1EE6471A00D81CA3 /* AMDWebViewPopverView.m */; };
		CB47CCAD1EE6471A00D81CA3 /* AMDRootProtocol.h in Headers */ = {isa = PBXBuildFile; fileRef = CB47CC4F1EE6471A00D81CA3 /* AMDRootProtocol.h */; settings = {ATTRIBUTES = (Public, ); }; };
		CB47CCAE1EE6471A00D81CA3 /* AMDRootViewController.h in Headers */ = {isa = PBXBuildFile; fileRef = CB47CC501EE6471A00D81CA3 /* AMDRootViewController.h */; settings = {ATTRIBUTES = (Public, ); }; };
		CB47CCAF1EE6471A00D81CA3 /* AMDRootViewController.m in Sources */ = {isa = PBXBuildFile; fileRef = CB47CC511EE6471A00D81CA3 /* AMDRootViewController.m */; };
		CB47CCB01EE6471A00D81CA3 /* AMDTabbarController.h in Headers */ = {isa = PBXBuildFile; fileRef = CB47CC521EE6471A00D81CA3 /* AMDTabbarController.h */; settings = {ATTRIBUTES = (Public, ); }; };
		CB47CCB11EE6471A00D81CA3 /* AMDTabbarController.m in Sources */ = {isa = PBXBuildFile; fileRef = CB47CC531EE6471A00D81CA3 /* AMDTabbarController.m */; };
		CB47CCB21EE6471A00D81CA3 /* AMDTabbarItem.h in Headers */ = {isa = PBXBuildFile; fileRef = CB47CC541EE6471A00D81CA3 /* AMDTabbarItem.h */; settings = {ATTRIBUTES = (Public, ); }; };
		CB47CCB31EE6471A00D81CA3 /* AMDTabbarItem.m in Sources */ = {isa = PBXBuildFile; fileRef = CB47CC551EE6471A00D81CA3 /* AMDTabbarItem.m */; };
		CB47CCB41EE6471A00D81CA3 /* AMDWebViewController.h in Headers */ = {isa = PBXBuildFile; fileRef = CB47CC561EE6471A00D81CA3 /* AMDWebViewController.h */; settings = {ATTRIBUTES = (Public, ); }; };
		CB47CCB51EE6471A00D81CA3 /* AMDWebViewController.m in Sources */ = {isa = PBXBuildFile; fileRef = CB47CC571EE6471A00D81CA3 /* AMDWebViewController.m */; };
		CB47CCB71EE6471A00D81CA3 /* AMDEntityProtocol.h in Headers */ = {isa = PBXBuildFile; fileRef = CB47CC5A1EE6471A00D81CA3 /* AMDEntityProtocol.h */; settings = {ATTRIBUTES = (Public, ); }; };
		CB47CCBA1EE6471A00D81CA3 /* AMDWebViewProgress.h in Headers */ = {isa = PBXBuildFile; fileRef = CB47CC5D1EE6471A00D81CA3 /* AMDWebViewProgress.h */; settings = {ATTRIBUTES = (Public, ); }; };
		CB47CCBB1EE6471A00D81CA3 /* AMDWebViewProgress.m in Sources */ = {isa = PBXBuildFile; fileRef = CB47CC5E1EE6471A00D81CA3 /* AMDWebViewProgress.m */; };
		CB47CCC01EE6471A00D81CA3 /* SSGlobalVar.h in Headers */ = {isa = PBXBuildFile; fileRef = CB47CC631EE6471A00D81CA3 /* SSGlobalVar.h */; };
		CB47CCC11EE6471A00D81CA3 /* UIView+SSExtension.h in Headers */ = {isa = PBXBuildFile; fileRef = CB47CC641EE6471A00D81CA3 /* UIView+SSExtension.h */; settings = {ATTRIBUTES = (Public, ); }; };
		CB47CCC21EE6471A00D81CA3 /* UIView+SSExtension.m in Sources */ = {isa = PBXBuildFile; fileRef = CB47CC651EE6471A00D81CA3 /* UIView+SSExtension.m */; };
		CB47CCC51EE6471A00D81CA3 /* AMDBackControl.h in Headers */ = {isa = PBXBuildFile; fileRef = CB47CC691EE6471A00D81CA3 /* AMDBackControl.h */; settings = {ATTRIBUTES = (Public, ); }; };
		CB47CCC61EE6471A00D81CA3 /* AMDBackControl.m in Sources */ = {isa = PBXBuildFile; fileRef = CB47CC6A1EE6471A00D81CA3 /* AMDBackControl.m */; };
		CB47CCC71EE6471A00D81CA3 /* AMDBaseCell.h in Headers */ = {isa = PBXBuildFile; fileRef = CB47CC6B1EE6471A00D81CA3 /* AMDBaseCell.h */; settings = {ATTRIBUTES = (Public, ); }; };
		CB47CCC81EE6471A00D81CA3 /* AMDBaseCell.m in Sources */ = {isa = PBXBuildFile; fileRef = CB47CC6C1EE6471A00D81CA3 /* AMDBaseCell.m */; };
		CB47CCC91EE6471A00D81CA3 /* AMDBaseView.h in Headers */ = {isa = PBXBuildFile; fileRef = CB47CC6D1EE6471A00D81CA3 /* AMDBaseView.h */; settings = {ATTRIBUTES = (Public, ); }; };
		CB47CCCA1EE6471A00D81CA3 /* AMDBaseView.m in Sources */ = {isa = PBXBuildFile; fileRef = CB47CC6E1EE6471A00D81CA3 /* AMDBaseView.m */; };
		CB47CCCB1EE6471A00D81CA3 /* AMDButton.h in Headers */ = {isa = PBXBuildFile; fileRef = CB47CC6F1EE6471A00D81CA3 /* AMDButton.h */; settings = {ATTRIBUTES = (Public, ); }; };
		CB47CCCC1EE6471A00D81CA3 /* AMDButton.m in Sources */ = {isa = PBXBuildFile; fileRef = CB47CC701EE6471A00D81CA3 /* AMDButton.m */; };
		CB47CCCD1EE6471A00D81CA3 /* AMDCopyLabel.h in Headers */ = {isa = PBXBuildFile; fileRef = CB47CC711EE6471A00D81CA3 /* AMDCopyLabel.h */; settings = {ATTRIBUTES = (Public, ); }; };
		CB47CCCE1EE6471A00D81CA3 /* AMDCopyLabel.m in Sources */ = {isa = PBXBuildFile; fileRef = CB47CC721EE6471A00D81CA3 /* AMDCopyLabel.m */; };
		CB47CCCF1EE6471A00D81CA3 /* AMDImageView.h in Headers */ = {isa = PBXBuildFile; fileRef = CB47CC731EE6471A00D81CA3 /* AMDImageView.h */; settings = {ATTRIBUTES = (Public, ); }; };
		CB47CCD01EE6471A00D81CA3 /* AMDImageView.m in Sources */ = {isa = PBXBuildFile; fileRef = CB47CC741EE6471A00D81CA3 /* AMDImageView.m */; };
		CB47CCD11EE6471A00D81CA3 /* AMDLineView.h in Headers */ = {isa = PBXBuildFile; fileRef = CB47CC751EE6471A00D81CA3 /* AMDLineView.h */; settings = {ATTRIBUTES = (Public, ); }; };
		CB47CCD21EE6471A00D81CA3 /* AMDLineView.m in Sources */ = {isa = PBXBuildFile; fileRef = CB47CC761EE6471A00D81CA3 /* AMDLineView.m */; };
		CB47CCD31EE6471A00D81CA3 /* AMDNoDataView.h in Headers */ = {isa = PBXBuildFile; fileRef = CB47CC771EE6471A00D81CA3 /* AMDNoDataView.h */; settings = {ATTRIBUTES = (Public, ); }; };
		CB47CCD41EE6471A00D81CA3 /* AMDNoDataView.m in Sources */ = {isa = PBXBuildFile; fileRef = CB47CC781EE6471A00D81CA3 /* AMDNoDataView.m */; };
		CB47CCD51EE6471A00D81CA3 /* AMDProgressView.h in Headers */ = {isa = PBXBuildFile; fileRef = CB47CC791EE6471A00D81CA3 /* AMDProgressView.h */; settings = {ATTRIBUTES = (Public, ); }; };
		CB47CCD61EE6471A00D81CA3 /* AMDProgressView.m in Sources */ = {isa = PBXBuildFile; fileRef = CB47CC7A1EE6471A00D81CA3 /* AMDProgressView.m */; };
		CB47CCD71EE6471A00D81CA3 /* AMDRootNavgationBar.h in Headers */ = {isa = PBXBuildFile; fileRef = CB47CC7B1EE6471A00D81CA3 /* AMDRootNavgationBar.h */; settings = {ATTRIBUTES = (Public, ); }; };
		CB47CCD81EE6471A00D81CA3 /* AMDRootNavgationBar.m in Sources */ = {isa = PBXBuildFile; fileRef = CB47CC7C1EE6471A00D81CA3 /* AMDRootNavgationBar.m */; };
		CB47CCD91EE6471A00D81CA3 /* AMDScrollView.h in Headers */ = {isa = PBXBuildFile; fileRef = CB47CC7D1EE6471A00D81CA3 /* AMDScrollView.h */; settings = {ATTRIBUTES = (Public, ); }; };
		CB47CCDA1EE6471A00D81CA3 /* AMDScrollView.m in Sources */ = {isa = PBXBuildFile; fileRef = CB47CC7E1EE6471A00D81CA3 /* AMDScrollView.m */; };
		CB47CCDB1EE6471A00D81CA3 /* AMDSegmentedControl.h in Headers */ = {isa = PBXBuildFile; fileRef = CB47CC7F1EE6471A00D81CA3 /* AMDSegmentedControl.h */; settings = {ATTRIBUTES = (Public, ); }; };
		CB47CCDC1EE6471A00D81CA3 /* AMDSegmentedControl.m in Sources */ = {isa = PBXBuildFile; fileRef = CB47CC801EE6471A00D81CA3 /* AMDSegmentedControl.m */; };
		CB47CCDD1EE6471A00D81CA3 /* AMDTextField.h in Headers */ = {isa = PBXBuildFile; fileRef = CB47CC811EE6471A00D81CA3 /* AMDTextField.h */; settings = {ATTRIBUTES = (Public, ); }; };
		CB47CCDE1EE6471A00D81CA3 /* AMDTextField.m in Sources */ = {isa = PBXBuildFile; fileRef = CB47CC821EE6471A00D81CA3 /* AMDTextField.m */; };
		CB47CCDF1EE6471A00D81CA3 /* AYEActionSheetView.h in Headers */ = {isa = PBXBuildFile; fileRef = CB47CC831EE6471A00D81CA3 /* AYEActionSheetView.h */; settings = {ATTRIBUTES = (Public, ); }; };
		CB47CCE01EE6471A00D81CA3 /* AYEActionSheetView.m in Sources */ = {isa = PBXBuildFile; fileRef = CB47CC841EE6471A00D81CA3 /* AYEActionSheetView.m */; };
		CB47CCE11EE6471A00D81CA3 /* AYESheetCell.h in Headers */ = {isa = PBXBuildFile; fileRef = CB47CC851EE6471A00D81CA3 /* AYESheetCell.h */; };
		CB47CCE21EE6471A00D81CA3 /* AYESheetCell.m in Sources */ = {isa = PBXBuildFile; fileRef = CB47CC861EE6471A00D81CA3 /* AYESheetCell.m */; };
		CB47CCE61EE6471A00D81CA3 /* CustomTableView.h in Headers */ = {isa = PBXBuildFile; fileRef = CB47CC8B1EE6471A00D81CA3 /* CustomTableView.h */; settings = {ATTRIBUTES = (Public, ); }; };
		CB47CCE71EE6471A00D81CA3 /* CustomTableView.m in Sources */ = {isa = PBXBuildFile; fileRef = CB47CC8C1EE6471A00D81CA3 /* CustomTableView.m */; };
		CB47CCE81EE6471A00D81CA3 /* CustomTableViewDelegate.h in Headers */ = {isa = PBXBuildFile; fileRef = CB47CC8D1EE6471A00D81CA3 /* CustomTableViewDelegate.h */; settings = {ATTRIBUTES = (Public, ); }; };
		CB47CCE91EE6471A00D81CA3 /* GeneralTableView.h in Headers */ = {isa = PBXBuildFile; fileRef = CB47CC8E1EE6471A00D81CA3 /* GeneralTableView.h */; };
		CB47CCEA1EE6471A00D81CA3 /* GeneralTableView.m in Sources */ = {isa = PBXBuildFile; fileRef = CB47CC8F1EE6471A00D81CA3 /* GeneralTableView.m */; };
		CB47CCEB1EE6471A00D81CA3 /* CustomTextView.h in Headers */ = {isa = PBXBuildFile; fileRef = CB47CC901EE6471A00D81CA3 /* CustomTextView.h */; settings = {ATTRIBUTES = (Public, ); }; };
		CB47CCEC1EE6471A00D81CA3 /* CustomTextView.m in Sources */ = {isa = PBXBuildFile; fileRef = CB47CC911EE6471A00D81CA3 /* CustomTextView.m */; };
		CB47CCFF1EE6480B00D81CA3 /* AMDMJRefresh.h in Headers */ = {isa = PBXBuildFile; fileRef = CB47CCEF1EE6480B00D81CA3 /* AMDMJRefresh.h */; };
		CB47CD001EE6480B00D81CA3 /* AMDMJRefreshBaseView.h in Headers */ = {isa = PBXBuildFile; fileRef = CB47CCF01EE6480B00D81CA3 /* AMDMJRefreshBaseView.h */; };
		CB47CD011EE6480B00D81CA3 /* AMDMJRefreshBaseView.m in Sources */ = {isa = PBXBuildFile; fileRef = CB47CCF11EE6480B00D81CA3 /* AMDMJRefreshBaseView.m */; };
		CB47CD021EE6480B00D81CA3 /* AMDMJRefreshConst.h in Headers */ = {isa = PBXBuildFile; fileRef = CB47CCF21EE6480B00D81CA3 /* AMDMJRefreshConst.h */; };
		CB47CD031EE6480B00D81CA3 /* AMDMJRefreshConst.m in Sources */ = {isa = PBXBuildFile; fileRef = CB47CCF31EE6480B00D81CA3 /* AMDMJRefreshConst.m */; };
		CB47CD041EE6480B00D81CA3 /* AMDMJRefreshFooterView.h in Headers */ = {isa = PBXBuildFile; fileRef = CB47CCF41EE6480B00D81CA3 /* AMDMJRefreshFooterView.h */; };
		CB47CD051EE6480B00D81CA3 /* AMDMJRefreshFooterView.m in Sources */ = {isa = PBXBuildFile; fileRef = CB47CCF51EE6480B00D81CA3 /* AMDMJRefreshFooterView.m */; };
		CB47CD061EE6480B00D81CA3 /* AMDMJRefreshHeaderView.h in Headers */ = {isa = PBXBuildFile; fileRef = CB47CCF61EE6480B00D81CA3 /* AMDMJRefreshHeaderView.h */; };
		CB47CD071EE6480B00D81CA3 /* AMDMJRefreshHeaderView.m in Sources */ = {isa = PBXBuildFile; fileRef = CB47CCF71EE6480B00D81CA3 /* AMDMJRefreshHeaderView.m */; };
		CB47CD081EE6480B00D81CA3 /* UIScrollView+AMDMJExtension.h in Headers */ = {isa = PBXBuildFile; fileRef = CB47CCF81EE6480B00D81CA3 /* UIScrollView+AMDMJExtension.h */; };
		CB47CD091EE6480B00D81CA3 /* UIScrollView+AMDMJExtension.m in Sources */ = {isa = PBXBuildFile; fileRef = CB47CCF91EE6480B00D81CA3 /* UIScrollView+AMDMJExtension.m */; };
		CB47CD0E1EE64C7A00D81CA3 /* UIScrollView+AMDMJRefresh.m in Sources */ = {isa = PBXBuildFile; fileRef = CB47CCFB1EE6480B00D81CA3 /* UIScrollView+AMDMJRefresh.m */; };
		CB47CD0F1EE64D8C00D81CA3 /* UIView+AMDMJExtension.h in Headers */ = {isa = PBXBuildFile; fileRef = CB47CCFC1EE6480B00D81CA3 /* UIView+AMDMJExtension.h */; };
		CB47CD181EE64DFE00D81CA3 /* main.m in Sources */ = {isa = PBXBuildFile; fileRef = CB47CD171EE64DFE00D81CA3 /* main.m */; };
		CB47CD1B1EE64DFE00D81CA3 /* AppDelegate.m in Sources */ = {isa = PBXBuildFile; fileRef = CB47CD1A1EE64DFE00D81CA3 /* AppDelegate.m */; };
		CB47CD1E1EE64DFE00D81CA3 /* ViewController.m in Sources */ = {isa = PBXBuildFile; fileRef = CB47CD1D1EE64DFE00D81CA3 /* ViewController.m */; };
		CB47CD211EE64DFE00D81CA3 /* Main.storyboard in Resources */ = {isa = PBXBuildFile; fileRef = CB47CD1F1EE64DFE00D81CA3 /* Main.storyboard */; };
		CB47CD231EE64DFE00D81CA3 /* Assets.xcassets in Resources */ = {isa = PBXBuildFile; fileRef = CB47CD221EE64DFE00D81CA3 /* Assets.xcassets */; };
		CB47CD261EE64DFE00D81CA3 /* LaunchScreen.storyboard in Resources */ = {isa = PBXBuildFile; fileRef = CB47CD241EE64DFE00D81CA3 /* LaunchScreen.storyboard */; };
		CB53B2D41F4D1D0B0083A31B /* UIButton+SSBackground.h in Headers */ = {isa = PBXBuildFile; fileRef = CB53B2D21F4D1D0B0083A31B /* UIButton+SSBackground.h */; settings = {ATTRIBUTES = (Public, ); }; };
		CB53B2D51F4D1D0B0083A31B /* UIButton+SSBackground.m in Sources */ = {isa = PBXBuildFile; fileRef = CB53B2D31F4D1D0B0083A31B /* UIButton+SSBackground.m */; };
		CB53B2D61F4D1D0B0083A31B /* UIButton+SSBackground.m in Sources */ = {isa = PBXBuildFile; fileRef = CB53B2D31F4D1D0B0083A31B /* UIButton+SSBackground.m */; };
		CB614A851EE9362900471DE9 /* README in Resources */ = {isa = PBXBuildFile; fileRef = CB614A841EE9362900471DE9 /* README */; };
		CB7AE8501F4AF5A3005E8E1F /* SSLinkageView.h in Headers */ = {isa = PBXBuildFile; fileRef = CB7AE84E1F4AF5A3005E8E1F /* SSLinkageView.h */; };
		CB7AE8511F4AF5A3005E8E1F /* SSLinkageView.m in Sources */ = {isa = PBXBuildFile; fileRef = CB7AE84F1F4AF5A3005E8E1F /* SSLinkageView.m */; };
		CB7AE8521F4AF5A3005E8E1F /* SSLinkageView.m in Sources */ = {isa = PBXBuildFile; fileRef = CB7AE84F1F4AF5A3005E8E1F /* SSLinkageView.m */; };
/* End PBXBuildFile section */

/* Begin PBXFileReference section */
		6BA5DF9FE8CEC90D619B909F /* Pods-SSBaseKit.release.xcconfig */ = {isa = PBXFileReference; includeInIndex = 1; lastKnownFileType = text.xcconfig; name = "Pods-SSBaseKit.release.xcconfig"; path = "Pods/Target Support Files/Pods-SSBaseKit/Pods-SSBaseKit.release.xcconfig"; sourceTree = "<group>"; };
		7888E6B63D6D041C6E17ABE7 /* Pods-ios.release.xcconfig */ = {isa = PBXFileReference; includeInIndex = 1; lastKnownFileType = text.xcconfig; name = "Pods-ios.release.xcconfig"; path = "Pods/Target Support Files/Pods-ios/Pods-ios.release.xcconfig"; sourceTree = "<group>"; };
		8AAB8292968023680995BEF7 /* Pods_SSBaseKit.framework */ = {isa = PBXFileReference; explicitFileType = wrapper.framework; includeInIndex = 0; path = Pods_SSBaseKit.framework; sourceTree = BUILT_PRODUCTS_DIR; };
		8DAAA301493F9EF28A3012B2 /* Pods_ios.framework */ = {isa = PBXFileReference; explicitFileType = wrapper.framework; includeInIndex = 0; path = Pods_ios.framework; sourceTree = BUILT_PRODUCTS_DIR; };
		ACA114F7AD39C1CAA8529DA3 /* Pods-ios.debug.xcconfig */ = {isa = PBXFileReference; includeInIndex = 1; lastKnownFileType = text.xcconfig; name = "Pods-ios.debug.xcconfig"; path = "Pods/Target Support Files/Pods-ios/Pods-ios.debug.xcconfig"; sourceTree = "<group>"; };
		CB0C75911EEA54CC00E28AA3 /* AASRegionChoiceView.h */ = {isa = PBXFileReference; fileEncoding = 4; lastKnownFileType = sourcecode.c.h; path = AASRegionChoiceView.h; sourceTree = "<group>"; };
		CB0C75921EEA54CC00E28AA3 /* AASRegionChoiceView.m */ = {isa = PBXFileReference; fileEncoding = 4; lastKnownFileType = sourcecode.c.objc; path = AASRegionChoiceView.m; sourceTree = "<group>"; };
		CB0C75951EEAA61E00E28AA3 /* Pods_SSBaseKit.framework */ = {isa = PBXFileReference; lastKnownFileType = wrapper.framework; name = Pods_SSBaseKit.framework; path = "../../../Library/Developer/Xcode/DerivedData/SSBaseKit-ffnqbiiyirahkqgzbxcxzjybypbp/Build/Products/Debug-iphonesimulator/Pods_SSBaseKit.framework"; sourceTree = "<group>"; };
		CB17995B1EF0CC2C00EA83FC /* AMDMJRefresh.bundle */ = {isa = PBXFileReference; lastKnownFileType = "wrapper.plug-in"; path = AMDMJRefresh.bundle; sourceTree = "<group>"; };
		CB1DF49E1EE653DA00B93F81 /* Masonry.framework */ = {isa = PBXFileReference; lastKnownFileType = wrapper.framework; name = Masonry.framework; path = "../../../Library/Developer/Xcode/DerivedData/SSBaseKit-ffnqbiiyirahkqgzbxcxzjybypbp/Build/Products/Debug-iphonesimulator/Masonry/Masonry.framework"; sourceTree = "<group>"; };
		CB2D53401F15B5AC005A1B3F /* AMDSexSetView.h */ = {isa = PBXFileReference; fileEncoding = 4; lastKnownFileType = sourcecode.c.h; path = AMDSexSetView.h; sourceTree = "<group>"; };
		CB2D53411F15B5AC005A1B3F /* AMDSexSetView.m */ = {isa = PBXFileReference; fileEncoding = 4; lastKnownFileType = sourcecode.c.objc; path = AMDSexSetView.m; sourceTree = "<group>"; };
		CB34AE161F18C5540006A562 /* AMDControllerTransitionDelegate.h */ = {isa = PBXFileReference; fileEncoding = 4; lastKnownFileType = sourcecode.c.h; path = AMDControllerTransitionDelegate.h; sourceTree = "<group>"; };
		CB34AE181F18D4950006A562 /* SSKeyBoard.bundle */ = {isa = PBXFileReference; lastKnownFileType = "wrapper.plug-in"; path = SSKeyBoard.bundle; sourceTree = "<group>"; };
		CB3E39FE1F382F590003DB57 /* SSBaseKit.bundle */ = {isa = PBXFileReference; lastKnownFileType = "wrapper.plug-in"; path = SSBaseKit.bundle; sourceTree = "<group>"; };
		CB4437691F3192DA00FF108C /* AMDSelectItemView.h */ = {isa = PBXFileReference; fileEncoding = 4; lastKnownFileType = sourcecode.c.h; path = AMDSelectItemView.h; sourceTree = "<group>"; };
		CB44376A1F3192DA00FF108C /* AMDSelectItemView.m */ = {isa = PBXFileReference; fileEncoding = 4; lastKnownFileType = sourcecode.c.objc; path = AMDSelectItemView.m; sourceTree = "<group>"; };
		CB4724F31F95FEFB00F14E87 /* AMDCloseControl.h */ = {isa = PBXFileReference; lastKnownFileType = sourcecode.c.h; path = AMDCloseControl.h; sourceTree = "<group>"; };
		CB4724F41F95FEFB00F14E87 /* AMDCloseControl.m */ = {isa = PBXFileReference; lastKnownFileType = sourcecode.c.objc; path = AMDCloseControl.m; sourceTree = "<group>"; };
		CB47BE331F7B628400F1BA65 /* TestController.h */ = {isa = PBXFileReference; lastKnownFileType = sourcecode.c.h; path = TestController.h; sourceTree = "<group>"; };
		CB47BE341F7B628400F1BA65 /* TestController.m */ = {isa = PBXFileReference; lastKnownFileType = sourcecode.c.objc; path = TestController.m; sourceTree = "<group>"; };
		CB47CC251EE6471000D81CA3 /* SSBaseKit.framework */ = {isa = PBXFileReference; explicitFileType = wrapper.framework; includeInIndex = 0; path = SSBaseKit.framework; sourceTree = BUILT_PRODUCTS_DIR; };
		CB47CC281EE6471000D81CA3 /* SSBaseKit.h */ = {isa = PBXFileReference; lastKnownFileType = sourcecode.c.h; path = SSBaseKit.h; sourceTree = "<group>"; };
		CB47CC291EE6471000D81CA3 /* Info.plist */ = {isa = PBXFileReference; lastKnownFileType = text.plist.xml; path = Info.plist; sourceTree = "<group>"; };
		CB47CC321EE6471A00D81CA3 /* NSTimer+AMDBlockTimer.h */ = {isa = PBXFileReference; fileEncoding = 4; lastKnownFileType = sourcecode.c.h; path = "NSTimer+AMDBlockTimer.h"; sourceTree = "<group>"; };
		CB47CC331EE6471A00D81CA3 /* NSTimer+AMDBlockTimer.m */ = {isa = PBXFileReference; fileEncoding = 4; lastKnownFileType = sourcecode.c.objc; path = "NSTimer+AMDBlockTimer.m"; sourceTree = "<group>"; };
		CB47CC351EE6471A00D81CA3 /* AMDAnimationWebView.h */ = {isa = PBXFileReference; fileEncoding = 4; lastKnownFileType = sourcecode.c.h; path = AMDAnimationWebView.h; sourceTree = "<group>"; };
		CB47CC361EE6471A00D81CA3 /* AMDAnimationWebView.m */ = {isa = PBXFileReference; fileEncoding = 4; lastKnownFileType = sourcecode.c.objc; path = AMDAnimationWebView.m; sourceTree = "<group>"; };
		CB47CC391EE6471A00D81CA3 /* AMDImgViewLabelView.h */ = {isa = PBXFileReference; fileEncoding = 4; lastKnownFileType = sourcecode.c.h; path = AMDImgViewLabelView.h; sourceTree = "<group>"; };
		CB47CC3A1EE6471A00D81CA3 /* AMDImgViewLabelView.m */ = {isa = PBXFileReference; fileEncoding = 4; lastKnownFileType = sourcecode.c.objc; path = AMDImgViewLabelView.m; sourceTree = "<group>"; };
		CB47CC3B1EE6471A00D81CA3 /* AMDKeyboradView.h */ = {isa = PBXFileReference; fileEncoding = 4; lastKnownFileType = sourcecode.c.h; path = AMDKeyboradView.h; sourceTree = "<group>"; };
		CB47CC3C1EE6471A00D81CA3 /* AMDKeyboradView.m */ = {isa = PBXFileReference; fileEncoding = 4; lastKnownFileType = sourcecode.c.objc; path = AMDKeyboradView.m; sourceTree = "<group>"; };
		CB47CC3D1EE6471A00D81CA3 /* AMDLabelFieldView.h */ = {isa = PBXFileReference; fileEncoding = 4; lastKnownFileType = sourcecode.c.h; path = AMDLabelFieldView.h; sourceTree = "<group>"; };
		CB47CC3E1EE6471A00D81CA3 /* AMDLabelFieldView.m */ = {isa = PBXFileReference; fileEncoding = 4; lastKnownFileType = sourcecode.c.objc; path = AMDLabelFieldView.m; sourceTree = "<group>"; };
		CB47CC3F1EE6471A00D81CA3 /* AMDLabelShowView.h */ = {isa = PBXFileReference; fileEncoding = 4; lastKnownFileType = sourcecode.c.h; path = AMDLabelShowView.h; sourceTree = "<group>"; };
		CB47CC401EE6471A00D81CA3 /* AMDLabelShowView.m */ = {isa = PBXFileReference; fileEncoding = 4; lastKnownFileType = sourcecode.c.objc; path = AMDLabelShowView.m; sourceTree = "<group>"; };
		CB47CC411EE6471A00D81CA3 /* AMDLabelSwitchView.h */ = {isa = PBXFileReference; fileEncoding = 4; lastKnownFileType = sourcecode.c.h; path = AMDLabelSwitchView.h; sourceTree = "<group>"; };
		CB47CC421EE6471A00D81CA3 /* AMDLabelSwitchView.m */ = {isa = PBXFileReference; fileEncoding = 4; lastKnownFileType = sourcecode.c.objc; path = AMDLabelSwitchView.m; sourceTree = "<group>"; };
		CB47CC431EE6471A00D81CA3 /* AMDLabelTextView.h */ = {isa = PBXFileReference; fileEncoding = 4; lastKnownFileType = sourcecode.c.h; path = AMDLabelTextView.h; sourceTree = "<group>"; };
		CB47CC441EE6471A00D81CA3 /* AMDLabelTextView.m */ = {isa = PBXFileReference; fileEncoding = 4; lastKnownFileType = sourcecode.c.objc; path = AMDLabelTextView.m; sourceTree = "<group>"; };
		CB47CC451EE6471A00D81CA3 /* AMDLoadingView.h */ = {isa = PBXFileReference; fileEncoding = 4; lastKnownFileType = sourcecode.c.h; path = AMDLoadingView.h; sourceTree = "<group>"; };
		CB47CC461EE6471A00D81CA3 /* AMDLoadingView.m */ = {isa = PBXFileReference; fileEncoding = 4; lastKnownFileType = sourcecode.c.objc; path = AMDLoadingView.m; sourceTree = "<group>"; };
		CB47CC471EE6471A00D81CA3 /* AMDMultipleTypeView.h */ = {isa = PBXFileReference; fileEncoding = 4; lastKnownFileType = sourcecode.c.h; path = AMDMultipleTypeView.h; sourceTree = "<group>"; };
		CB47CC481EE6471A00D81CA3 /* AMDMultipleTypeView.m */ = {isa = PBXFileReference; fileEncoding = 4; lastKnownFileType = sourcecode.c.objc; path = AMDMultipleTypeView.m; sourceTree = "<group>"; };
		CB47CC491EE6471A00D81CA3 /* AMDSetAmountView.h */ = {isa = PBXFileReference; fileEncoding = 4; lastKnownFileType = sourcecode.c.h; path = AMDSetAmountView.h; sourceTree = "<group>"; };
		CB47CC4A1EE6471A00D81CA3 /* AMDSetAmountView.m */ = {isa = PBXFileReference; fileEncoding = 4; lastKnownFileType = sourcecode.c.objc; path = AMDSetAmountView.m; sourceTree = "<group>"; };
		CB47CC4B1EE6471A00D81CA3 /* AMDWebViewDelegate.h */ = {isa = PBXFileReference; fileEncoding = 4; lastKnownFileType = sourcecode.c.h; path = AMDWebViewDelegate.h; sourceTree = "<group>"; };
		CB47CC4C1EE6471A00D81CA3 /* AMDWebViewPopverView.h */ = {isa = PBXFileReference; fileEncoding = 4; lastKnownFileType = sourcecode.c.h; path = AMDWebViewPopverView.h; sourceTree = "<group>"; };
		CB47CC4D1EE6471A00D81CA3 /* AMDWebViewPopverView.m */ = {isa = PBXFileReference; fileEncoding = 4; lastKnownFileType = sourcecode.c.objc; path = AMDWebViewPopverView.m; sourceTree = "<group>"; };
		CB47CC4F1EE6471A00D81CA3 /* AMDRootProtocol.h */ = {isa = PBXFileReference; fileEncoding = 4; lastKnownFileType = sourcecode.c.h; path = AMDRootProtocol.h; sourceTree = "<group>"; };
		CB47CC501EE6471A00D81CA3 /* AMDRootViewController.h */ = {isa = PBXFileReference; fileEncoding = 4; lastKnownFileType = sourcecode.c.h; path = AMDRootViewController.h; sourceTree = "<group>"; };
		CB47CC511EE6471A00D81CA3 /* AMDRootViewController.m */ = {isa = PBXFileReference; fileEncoding = 4; lastKnownFileType = sourcecode.c.objc; path = AMDRootViewController.m; sourceTree = "<group>"; };
		CB47CC521EE6471A00D81CA3 /* AMDTabbarController.h */ = {isa = PBXFileReference; fileEncoding = 4; lastKnownFileType = sourcecode.c.h; path = AMDTabbarController.h; sourceTree = "<group>"; };
		CB47CC531EE6471A00D81CA3 /* AMDTabbarController.m */ = {isa = PBXFileReference; fileEncoding = 4; lastKnownFileType = sourcecode.c.objc; path = AMDTabbarController.m; sourceTree = "<group>"; };
		CB47CC541EE6471A00D81CA3 /* AMDTabbarItem.h */ = {isa = PBXFileReference; fileEncoding = 4; lastKnownFileType = sourcecode.c.h; path = AMDTabbarItem.h; sourceTree = "<group>"; };
		CB47CC551EE6471A00D81CA3 /* AMDTabbarItem.m */ = {isa = PBXFileReference; fileEncoding = 4; lastKnownFileType = sourcecode.c.objc; path = AMDTabbarItem.m; sourceTree = "<group>"; };
		CB47CC561EE6471A00D81CA3 /* AMDWebViewController.h */ = {isa = PBXFileReference; fileEncoding = 4; lastKnownFileType = sourcecode.c.h; path = AMDWebViewController.h; sourceTree = "<group>"; };
		CB47CC571EE6471A00D81CA3 /* AMDWebViewController.m */ = {isa = PBXFileReference; fileEncoding = 4; lastKnownFileType = sourcecode.c.objc; path = AMDWebViewController.m; sourceTree = "<group>"; };
		CB47CC5A1EE6471A00D81CA3 /* AMDEntityProtocol.h */ = {isa = PBXFileReference; fileEncoding = 4; lastKnownFileType = sourcecode.c.h; path = AMDEntityProtocol.h; sourceTree = "<group>"; };
		CB47CC5D1EE6471A00D81CA3 /* AMDWebViewProgress.h */ = {isa = PBXFileReference; fileEncoding = 4; lastKnownFileType = sourcecode.c.h; path = AMDWebViewProgress.h; sourceTree = "<group>"; };
		CB47CC5E1EE6471A00D81CA3 /* AMDWebViewProgress.m */ = {isa = PBXFileReference; fileEncoding = 4; lastKnownFileType = sourcecode.c.objc; path = AMDWebViewProgress.m; sourceTree = "<group>"; };
		CB47CC631EE6471A00D81CA3 /* SSGlobalVar.h */ = {isa = PBXFileReference; fileEncoding = 4; lastKnownFileType = sourcecode.c.h; path = SSGlobalVar.h; sourceTree = "<group>"; };
		CB47CC641EE6471A00D81CA3 /* UIView+SSExtension.h */ = {isa = PBXFileReference; fileEncoding = 4; lastKnownFileType = sourcecode.c.h; path = "UIView+SSExtension.h"; sourceTree = "<group>"; };
		CB47CC651EE6471A00D81CA3 /* UIView+SSExtension.m */ = {isa = PBXFileReference; fileEncoding = 4; lastKnownFileType = sourcecode.c.objc; path = "UIView+SSExtension.m"; sourceTree = "<group>"; };
		CB47CC691EE6471A00D81CA3 /* AMDBackControl.h */ = {isa = PBXFileReference; fileEncoding = 4; lastKnownFileType = sourcecode.c.h; path = AMDBackControl.h; sourceTree = "<group>"; };
		CB47CC6A1EE6471A00D81CA3 /* AMDBackControl.m */ = {isa = PBXFileReference; fileEncoding = 4; lastKnownFileType = sourcecode.c.objc; path = AMDBackControl.m; sourceTree = "<group>"; };
		CB47CC6B1EE6471A00D81CA3 /* AMDBaseCell.h */ = {isa = PBXFileReference; fileEncoding = 4; lastKnownFileType = sourcecode.c.h; path = AMDBaseCell.h; sourceTree = "<group>"; };
		CB47CC6C1EE6471A00D81CA3 /* AMDBaseCell.m */ = {isa = PBXFileReference; fileEncoding = 4; lastKnownFileType = sourcecode.c.objc; path = AMDBaseCell.m; sourceTree = "<group>"; };
		CB47CC6D1EE6471A00D81CA3 /* AMDBaseView.h */ = {isa = PBXFileReference; fileEncoding = 4; lastKnownFileType = sourcecode.c.h; path = AMDBaseView.h; sourceTree = "<group>"; };
		CB47CC6E1EE6471A00D81CA3 /* AMDBaseView.m */ = {isa = PBXFileReference; fileEncoding = 4; lastKnownFileType = sourcecode.c.objc; path = AMDBaseView.m; sourceTree = "<group>"; };
		CB47CC6F1EE6471A00D81CA3 /* AMDButton.h */ = {isa = PBXFileReference; fileEncoding = 4; lastKnownFileType = sourcecode.c.h; path = AMDButton.h; sourceTree = "<group>"; };
		CB47CC701EE6471A00D81CA3 /* AMDButton.m */ = {isa = PBXFileReference; fileEncoding = 4; lastKnownFileType = sourcecode.c.objc; path = AMDButton.m; sourceTree = "<group>"; };
		CB47CC711EE6471A00D81CA3 /* AMDCopyLabel.h */ = {isa = PBXFileReference; fileEncoding = 4; lastKnownFileType = sourcecode.c.h; path = AMDCopyLabel.h; sourceTree = "<group>"; };
		CB47CC721EE6471A00D81CA3 /* AMDCopyLabel.m */ = {isa = PBXFileReference; fileEncoding = 4; lastKnownFileType = sourcecode.c.objc; path = AMDCopyLabel.m; sourceTree = "<group>"; };
		CB47CC731EE6471A00D81CA3 /* AMDImageView.h */ = {isa = PBXFileReference; fileEncoding = 4; lastKnownFileType = sourcecode.c.h; path = AMDImageView.h; sourceTree = "<group>"; };
		CB47CC741EE6471A00D81CA3 /* AMDImageView.m */ = {isa = PBXFileReference; fileEncoding = 4; lastKnownFileType = sourcecode.c.objc; path = AMDImageView.m; sourceTree = "<group>"; };
		CB47CC751EE6471A00D81CA3 /* AMDLineView.h */ = {isa = PBXFileReference; fileEncoding = 4; lastKnownFileType = sourcecode.c.h; path = AMDLineView.h; sourceTree = "<group>"; };
		CB47CC761EE6471A00D81CA3 /* AMDLineView.m */ = {isa = PBXFileReference; fileEncoding = 4; lastKnownFileType = sourcecode.c.objc; path = AMDLineView.m; sourceTree = "<group>"; };
		CB47CC771EE6471A00D81CA3 /* AMDNoDataView.h */ = {isa = PBXFileReference; fileEncoding = 4; lastKnownFileType = sourcecode.c.h; path = AMDNoDataView.h; sourceTree = "<group>"; };
		CB47CC781EE6471A00D81CA3 /* AMDNoDataView.m */ = {isa = PBXFileReference; fileEncoding = 4; lastKnownFileType = sourcecode.c.objc; path = AMDNoDataView.m; sourceTree = "<group>"; };
		CB47CC791EE6471A00D81CA3 /* AMDProgressView.h */ = {isa = PBXFileReference; fileEncoding = 4; lastKnownFileType = sourcecode.c.h; path = AMDProgressView.h; sourceTree = "<group>"; };
		CB47CC7A1EE6471A00D81CA3 /* AMDProgressView.m */ = {isa = PBXFileReference; fileEncoding = 4; lastKnownFileType = sourcecode.c.objc; path = AMDProgressView.m; sourceTree = "<group>"; };
		CB47CC7B1EE6471A00D81CA3 /* AMDRootNavgationBar.h */ = {isa = PBXFileReference; fileEncoding = 4; lastKnownFileType = sourcecode.c.h; path = AMDRootNavgationBar.h; sourceTree = "<group>"; };
		CB47CC7C1EE6471A00D81CA3 /* AMDRootNavgationBar.m */ = {isa = PBXFileReference; fileEncoding = 4; lastKnownFileType = sourcecode.c.objc; path = AMDRootNavgationBar.m; sourceTree = "<group>"; };
		CB47CC7D1EE6471A00D81CA3 /* AMDScrollView.h */ = {isa = PBXFileReference; fileEncoding = 4; lastKnownFileType = sourcecode.c.h; path = AMDScrollView.h; sourceTree = "<group>"; };
		CB47CC7E1EE6471A00D81CA3 /* AMDScrollView.m */ = {isa = PBXFileReference; fileEncoding = 4; lastKnownFileType = sourcecode.c.objc; path = AMDScrollView.m; sourceTree = "<group>"; };
		CB47CC7F1EE6471A00D81CA3 /* AMDSegmentedControl.h */ = {isa = PBXFileReference; fileEncoding = 4; lastKnownFileType = sourcecode.c.h; path = AMDSegmentedControl.h; sourceTree = "<group>"; };
		CB47CC801EE6471A00D81CA3 /* AMDSegmentedControl.m */ = {isa = PBXFileReference; fileEncoding = 4; lastKnownFileType = sourcecode.c.objc; path = AMDSegmentedControl.m; sourceTree = "<group>"; };
		CB47CC811EE6471A00D81CA3 /* AMDTextField.h */ = {isa = PBXFileReference; fileEncoding = 4; lastKnownFileType = sourcecode.c.h; path = AMDTextField.h; sourceTree = "<group>"; };
		CB47CC821EE6471A00D81CA3 /* AMDTextField.m */ = {isa = PBXFileReference; fileEncoding = 4; lastKnownFileType = sourcecode.c.objc; path = AMDTextField.m; sourceTree = "<group>"; };
		CB47CC831EE6471A00D81CA3 /* AYEActionSheetView.h */ = {isa = PBXFileReference; fileEncoding = 4; lastKnownFileType = sourcecode.c.h; path = AYEActionSheetView.h; sourceTree = "<group>"; };
		CB47CC841EE6471A00D81CA3 /* AYEActionSheetView.m */ = {isa = PBXFileReference; fileEncoding = 4; lastKnownFileType = sourcecode.c.objc; path = AYEActionSheetView.m; sourceTree = "<group>"; };
		CB47CC851EE6471A00D81CA3 /* AYESheetCell.h */ = {isa = PBXFileReference; fileEncoding = 4; lastKnownFileType = sourcecode.c.h; path = AYESheetCell.h; sourceTree = "<group>"; };
		CB47CC861EE6471A00D81CA3 /* AYESheetCell.m */ = {isa = PBXFileReference; fileEncoding = 4; lastKnownFileType = sourcecode.c.objc; path = AYESheetCell.m; sourceTree = "<group>"; };
		CB47CC8B1EE6471A00D81CA3 /* CustomTableView.h */ = {isa = PBXFileReference; fileEncoding = 4; lastKnownFileType = sourcecode.c.h; path = CustomTableView.h; sourceTree = "<group>"; };
		CB47CC8C1EE6471A00D81CA3 /* CustomTableView.m */ = {isa = PBXFileReference; fileEncoding = 4; lastKnownFileType = sourcecode.c.objc; path = CustomTableView.m; sourceTree = "<group>"; };
		CB47CC8D1EE6471A00D81CA3 /* CustomTableViewDelegate.h */ = {isa = PBXFileReference; fileEncoding = 4; lastKnownFileType = sourcecode.c.h; path = CustomTableViewDelegate.h; sourceTree = "<group>"; };
		CB47CC8E1EE6471A00D81CA3 /* GeneralTableView.h */ = {isa = PBXFileReference; fileEncoding = 4; lastKnownFileType = sourcecode.c.h; path = GeneralTableView.h; sourceTree = "<group>"; };
		CB47CC8F1EE6471A00D81CA3 /* GeneralTableView.m */ = {isa = PBXFileReference; fileEncoding = 4; lastKnownFileType = sourcecode.c.objc; path = GeneralTableView.m; sourceTree = "<group>"; };
		CB47CC901EE6471A00D81CA3 /* CustomTextView.h */ = {isa = PBXFileReference; fileEncoding = 4; lastKnownFileType = sourcecode.c.h; path = CustomTextView.h; sourceTree = "<group>"; };
		CB47CC911EE6471A00D81CA3 /* CustomTextView.m */ = {isa = PBXFileReference; fileEncoding = 4; lastKnownFileType = sourcecode.c.objc; path = CustomTextView.m; sourceTree = "<group>"; };
		CB47CCEF1EE6480B00D81CA3 /* AMDMJRefresh.h */ = {isa = PBXFileReference; fileEncoding = 4; lastKnownFileType = sourcecode.c.h; path = AMDMJRefresh.h; sourceTree = "<group>"; };
		CB47CCF01EE6480B00D81CA3 /* AMDMJRefreshBaseView.h */ = {isa = PBXFileReference; fileEncoding = 4; lastKnownFileType = sourcecode.c.h; path = AMDMJRefreshBaseView.h; sourceTree = "<group>"; };
		CB47CCF11EE6480B00D81CA3 /* AMDMJRefreshBaseView.m */ = {isa = PBXFileReference; fileEncoding = 4; lastKnownFileType = sourcecode.c.objc; path = AMDMJRefreshBaseView.m; sourceTree = "<group>"; };
		CB47CCF21EE6480B00D81CA3 /* AMDMJRefreshConst.h */ = {isa = PBXFileReference; fileEncoding = 4; lastKnownFileType = sourcecode.c.h; path = AMDMJRefreshConst.h; sourceTree = "<group>"; };
		CB47CCF31EE6480B00D81CA3 /* AMDMJRefreshConst.m */ = {isa = PBXFileReference; fileEncoding = 4; lastKnownFileType = sourcecode.c.objc; path = AMDMJRefreshConst.m; sourceTree = "<group>"; };
		CB47CCF41EE6480B00D81CA3 /* AMDMJRefreshFooterView.h */ = {isa = PBXFileReference; fileEncoding = 4; lastKnownFileType = sourcecode.c.h; path = AMDMJRefreshFooterView.h; sourceTree = "<group>"; };
		CB47CCF51EE6480B00D81CA3 /* AMDMJRefreshFooterView.m */ = {isa = PBXFileReference; fileEncoding = 4; lastKnownFileType = sourcecode.c.objc; path = AMDMJRefreshFooterView.m; sourceTree = "<group>"; };
		CB47CCF61EE6480B00D81CA3 /* AMDMJRefreshHeaderView.h */ = {isa = PBXFileReference; fileEncoding = 4; lastKnownFileType = sourcecode.c.h; path = AMDMJRefreshHeaderView.h; sourceTree = "<group>"; };
		CB47CCF71EE6480B00D81CA3 /* AMDMJRefreshHeaderView.m */ = {isa = PBXFileReference; fileEncoding = 4; lastKnownFileType = sourcecode.c.objc; path = AMDMJRefreshHeaderView.m; sourceTree = "<group>"; };
		CB47CCF81EE6480B00D81CA3 /* UIScrollView+AMDMJExtension.h */ = {isa = PBXFileReference; fileEncoding = 4; lastKnownFileType = sourcecode.c.h; path = "UIScrollView+AMDMJExtension.h"; sourceTree = "<group>"; };
		CB47CCF91EE6480B00D81CA3 /* UIScrollView+AMDMJExtension.m */ = {isa = PBXFileReference; fileEncoding = 4; lastKnownFileType = sourcecode.c.objc; path = "UIScrollView+AMDMJExtension.m"; sourceTree = "<group>"; };
		CB47CCFA1EE6480B00D81CA3 /* UIScrollView+AMDMJRefresh.h */ = {isa = PBXFileReference; fileEncoding = 4; lastKnownFileType = sourcecode.c.h; path = "UIScrollView+AMDMJRefresh.h"; sourceTree = "<group>"; };
		CB47CCFB1EE6480B00D81CA3 /* UIScrollView+AMDMJRefresh.m */ = {isa = PBXFileReference; fileEncoding = 4; lastKnownFileType = sourcecode.c.objc; path = "UIScrollView+AMDMJRefresh.m"; sourceTree = "<group>"; };
		CB47CCFC1EE6480B00D81CA3 /* UIView+AMDMJExtension.h */ = {isa = PBXFileReference; fileEncoding = 4; lastKnownFileType = sourcecode.c.h; path = "UIView+AMDMJExtension.h"; sourceTree = "<group>"; };
		CB47CCFD1EE6480B00D81CA3 /* UIView+AMDMJExtension.m */ = {isa = PBXFileReference; fileEncoding = 4; lastKnownFileType = sourcecode.c.objc; path = "UIView+AMDMJExtension.m"; sourceTree = "<group>"; };
		CB47CD141EE64DFE00D81CA3 /* ios.app */ = {isa = PBXFileReference; explicitFileType = wrapper.application; includeInIndex = 0; path = ios.app; sourceTree = BUILT_PRODUCTS_DIR; };
		CB47CD171EE64DFE00D81CA3 /* main.m */ = {isa = PBXFileReference; lastKnownFileType = sourcecode.c.objc; path = main.m; sourceTree = "<group>"; };
		CB47CD191EE64DFE00D81CA3 /* AppDelegate.h */ = {isa = PBXFileReference; lastKnownFileType = sourcecode.c.h; path = AppDelegate.h; sourceTree = "<group>"; };
		CB47CD1A1EE64DFE00D81CA3 /* AppDelegate.m */ = {isa = PBXFileReference; lastKnownFileType = sourcecode.c.objc; path = AppDelegate.m; sourceTree = "<group>"; };
		CB47CD1C1EE64DFE00D81CA3 /* ViewController.h */ = {isa = PBXFileReference; lastKnownFileType = sourcecode.c.h; path = ViewController.h; sourceTree = "<group>"; };
		CB47CD1D1EE64DFE00D81CA3 /* ViewController.m */ = {isa = PBXFileReference; lastKnownFileType = sourcecode.c.objc; path = ViewController.m; sourceTree = "<group>"; };
		CB47CD201EE64DFE00D81CA3 /* Base */ = {isa = PBXFileReference; lastKnownFileType = file.storyboard; name = Base; path = Base.lproj/Main.storyboard; sourceTree = "<group>"; };
		CB47CD221EE64DFE00D81CA3 /* Assets.xcassets */ = {isa = PBXFileReference; lastKnownFileType = folder.assetcatalog; path = Assets.xcassets; sourceTree = "<group>"; };
		CB47CD251EE64DFE00D81CA3 /* Base */ = {isa = PBXFileReference; lastKnownFileType = file.storyboard; name = Base; path = Base.lproj/LaunchScreen.storyboard; sourceTree = "<group>"; };
		CB47CD271EE64DFE00D81CA3 /* Info.plist */ = {isa = PBXFileReference; lastKnownFileType = text.plist.xml; path = Info.plist; sourceTree = "<group>"; };
		CB53B2D21F4D1D0B0083A31B /* UIButton+SSBackground.h */ = {isa = PBXFileReference; fileEncoding = 4; lastKnownFileType = sourcecode.c.h; path = "UIButton+SSBackground.h"; sourceTree = "<group>"; };
		CB53B2D31F4D1D0B0083A31B /* UIButton+SSBackground.m */ = {isa = PBXFileReference; fileEncoding = 4; lastKnownFileType = sourcecode.c.objc; path = "UIButton+SSBackground.m"; sourceTree = "<group>"; };
		CB614A841EE9362900471DE9 /* README */ = {isa = PBXFileReference; fileEncoding = 4; lastKnownFileType = text; path = README; sourceTree = "<group>"; };
		CB644C611F7CDC30001BF127 /* FXBlurView.h */ = {isa = PBXFileReference; lastKnownFileType = sourcecode.c.h; path = FXBlurView.h; sourceTree = "<group>"; };
		CB644C621F7CDC31001BF127 /* FXBlurView.m */ = {isa = PBXFileReference; lastKnownFileType = sourcecode.c.objc; path = FXBlurView.m; sourceTree = "<group>"; };
		CB7AE84E1F4AF5A3005E8E1F /* SSLinkageView.h */ = {isa = PBXFileReference; fileEncoding = 4; lastKnownFileType = sourcecode.c.h; path = SSLinkageView.h; sourceTree = "<group>"; };
		CB7AE84F1F4AF5A3005E8E1F /* SSLinkageView.m */ = {isa = PBXFileReference; fileEncoding = 4; lastKnownFileType = sourcecode.c.objc; path = SSLinkageView.m; sourceTree = "<group>"; };
		DF4D764CA25168F83786CBD9 /* Pods-SSBaseKit.debug.xcconfig */ = {isa = PBXFileReference; includeInIndex = 1; lastKnownFileType = text.xcconfig; name = "Pods-SSBaseKit.debug.xcconfig"; path = "Pods/Target Support Files/Pods-SSBaseKit/Pods-SSBaseKit.debug.xcconfig"; sourceTree = "<group>"; };
/* End PBXFileReference section */

/* Begin PBXFrameworksBuildPhase section */
		CB47CC211EE6471000D81CA3 /* Frameworks */ = {
			isa = PBXFrameworksBuildPhase;
			buildActionMask = 2147483647;
			files = (
				1B4665530605D24E7EBBFF5C /* Pods_SSBaseKit.framework in Frameworks */,
			);
			runOnlyForDeploymentPostprocessing = 0;
		};
		CB47CD111EE64DFE00D81CA3 /* Frameworks */ = {
			isa = PBXFrameworksBuildPhase;
			buildActionMask = 2147483647;
			files = (
				AF261A7BEE59165292C8BFED /* Pods_ios.framework in Frameworks */,
			);
			runOnlyForDeploymentPostprocessing = 0;
		};
/* End PBXFrameworksBuildPhase section */

/* Begin PBXGroup section */
		CB47CC1B1EE6471000D81CA3 = {
			isa = PBXGroup;
			children = (
				CB47CC271EE6471000D81CA3 /* SSBaseKit */,
				CB47CD151EE64DFE00D81CA3 /* ios */,
				CB47CC261EE6471000D81CA3 /* Products */,
				D2256BCD79D60BB95CC08E1E /* Pods */,
				EF8E193FBEAB9F08F0C2EF4D /* Frameworks */,
			);
			sourceTree = "<group>";
		};
		CB47CC261EE6471000D81CA3 /* Products */ = {
			isa = PBXGroup;
			children = (
				CB47CC251EE6471000D81CA3 /* SSBaseKit.framework */,
				CB47CD141EE64DFE00D81CA3 /* ios.app */,
			);
			name = Products;
			sourceTree = "<group>";
		};
		CB47CC271EE6471000D81CA3 /* SSBaseKit */ = {
			isa = PBXGroup;
			children = (
				CB3E39FE1F382F590003DB57 /* SSBaseKit.bundle */,
				CB34AE181F18D4950006A562 /* SSKeyBoard.bundle */,
				CB47CCED1EE6480B00D81CA3 /* MJRefresh */,
				CB47CC301EE6471A00D81CA3 /* AMDBase */,
				CB47CC281EE6471000D81CA3 /* SSBaseKit.h */,
				CB47CC291EE6471000D81CA3 /* Info.plist */,
				CB614A841EE9362900471DE9 /* README */,
			);
			path = SSBaseKit;
			sourceTree = "<group>";
		};
		CB47CC301EE6471A00D81CA3 /* AMDBase */ = {
			isa = PBXGroup;
			children = (
				CB47CC311EE6471A00D81CA3 /* Category */,
				CB47CC341EE6471A00D81CA3 /* CommonView */,
				CB47CC4E1EE6471A00D81CA3 /* Controller */,
				CB47CC581EE6471A00D81CA3 /* Utility */,
				CB47CC681EE6471A00D81CA3 /* View */,
			);
			path = AMDBase;
			sourceTree = "<group>";
		};
		CB47CC311EE6471A00D81CA3 /* Category */ = {
			isa = PBXGroup;
			children = (
				CB47CC321EE6471A00D81CA3 /* NSTimer+AMDBlockTimer.h */,
				CB47CC331EE6471A00D81CA3 /* NSTimer+AMDBlockTimer.m */,
				CB53B2D21F4D1D0B0083A31B /* UIButton+SSBackground.h */,
				CB53B2D31F4D1D0B0083A31B /* UIButton+SSBackground.m */,
			);
			path = Category;
			sourceTree = "<group>";
		};
		CB47CC341EE6471A00D81CA3 /* CommonView */ = {
			isa = PBXGroup;
			children = (
				CB644C611F7CDC30001BF127 /* FXBlurView.h */,
				CB644C621F7CDC31001BF127 /* FXBlurView.m */,
				CB7AE84E1F4AF5A3005E8E1F /* SSLinkageView.h */,
				CB7AE84F1F4AF5A3005E8E1F /* SSLinkageView.m */,
				CB2D53401F15B5AC005A1B3F /* AMDSexSetView.h */,
				CB2D53411F15B5AC005A1B3F /* AMDSexSetView.m */,
				CB0C75911EEA54CC00E28AA3 /* AASRegionChoiceView.h */,
				CB0C75921EEA54CC00E28AA3 /* AASRegionChoiceView.m */,
				CB47CC351EE6471A00D81CA3 /* AMDAnimationWebView.h */,
				CB47CC361EE6471A00D81CA3 /* AMDAnimationWebView.m */,
				CB47CC391EE6471A00D81CA3 /* AMDImgViewLabelView.h */,
				CB47CC3A1EE6471A00D81CA3 /* AMDImgViewLabelView.m */,
				CB47CC3B1EE6471A00D81CA3 /* AMDKeyboradView.h */,
				CB47CC3C1EE6471A00D81CA3 /* AMDKeyboradView.m */,
				CB47CC3D1EE6471A00D81CA3 /* AMDLabelFieldView.h */,
				CB47CC3E1EE6471A00D81CA3 /* AMDLabelFieldView.m */,
				CB47CC3F1EE6471A00D81CA3 /* AMDLabelShowView.h */,
				CB47CC401EE6471A00D81CA3 /* AMDLabelShowView.m */,
				CB47CC411EE6471A00D81CA3 /* AMDLabelSwitchView.h */,
				CB47CC421EE6471A00D81CA3 /* AMDLabelSwitchView.m */,
				CB47CC431EE6471A00D81CA3 /* AMDLabelTextView.h */,
				CB47CC441EE6471A00D81CA3 /* AMDLabelTextView.m */,
				CB47CC451EE6471A00D81CA3 /* AMDLoadingView.h */,
				CB47CC461EE6471A00D81CA3 /* AMDLoadingView.m */,
				CB47CC471EE6471A00D81CA3 /* AMDMultipleTypeView.h */,
				CB47CC481EE6471A00D81CA3 /* AMDMultipleTypeView.m */,
				CB47CC491EE6471A00D81CA3 /* AMDSetAmountView.h */,
				CB47CC4A1EE6471A00D81CA3 /* AMDSetAmountView.m */,
				CB47CC4B1EE6471A00D81CA3 /* AMDWebViewDelegate.h */,
				CB47CC4C1EE6471A00D81CA3 /* AMDWebViewPopverView.h */,
				CB47CC4D1EE6471A00D81CA3 /* AMDWebViewPopverView.m */,
			);
			path = CommonView;
			sourceTree = "<group>";
		};
		CB47CC4E1EE6471A00D81CA3 /* Controller */ = {
			isa = PBXGroup;
			children = (
				CB34AE161F18C5540006A562 /* AMDControllerTransitionDelegate.h */,
				CB47CC4F1EE6471A00D81CA3 /* AMDRootProtocol.h */,
				CB47CC501EE6471A00D81CA3 /* AMDRootViewController.h */,
				CB47CC511EE6471A00D81CA3 /* AMDRootViewController.m */,
				CB47CC521EE6471A00D81CA3 /* AMDTabbarController.h */,
				CB47CC531EE6471A00D81CA3 /* AMDTabbarController.m */,
				CB47CC541EE6471A00D81CA3 /* AMDTabbarItem.h */,
				CB47CC551EE6471A00D81CA3 /* AMDTabbarItem.m */,
				CB47CC561EE6471A00D81CA3 /* AMDWebViewController.h */,
				CB47CC571EE6471A00D81CA3 /* AMDWebViewController.m */,
			);
			path = Controller;
			sourceTree = "<group>";
		};
		CB47CC581EE6471A00D81CA3 /* Utility */ = {
			isa = PBXGroup;
			children = (
				CB47CC5A1EE6471A00D81CA3 /* AMDEntityProtocol.h */,
				CB47CC5D1EE6471A00D81CA3 /* AMDWebViewProgress.h */,
				CB47CC5E1EE6471A00D81CA3 /* AMDWebViewProgress.m */,
				CB47CC641EE6471A00D81CA3 /* UIView+SSExtension.h */,
				CB47CC651EE6471A00D81CA3 /* UIView+SSExtension.m */,
				CB47CC631EE6471A00D81CA3 /* SSGlobalVar.h */,
			);
			path = Utility;
			sourceTree = "<group>";
		};
		CB47CC681EE6471A00D81CA3 /* View */ = {
			isa = PBXGroup;
			children = (
				CB47CC691EE6471A00D81CA3 /* AMDBackControl.h */,
				CB47CC6A1EE6471A00D81CA3 /* AMDBackControl.m */,
				CB47CC6B1EE6471A00D81CA3 /* AMDBaseCell.h */,
				CB47CC6C1EE6471A00D81CA3 /* AMDBaseCell.m */,
				CB47CC6D1EE6471A00D81CA3 /* AMDBaseView.h */,
				CB47CC6E1EE6471A00D81CA3 /* AMDBaseView.m */,
				CB47CC6F1EE6471A00D81CA3 /* AMDButton.h */,
				CB47CC701EE6471A00D81CA3 /* AMDButton.m */,
				CB47CC711EE6471A00D81CA3 /* AMDCopyLabel.h */,
				CB47CC721EE6471A00D81CA3 /* AMDCopyLabel.m */,
				CB47CC731EE6471A00D81CA3 /* AMDImageView.h */,
				CB47CC741EE6471A00D81CA3 /* AMDImageView.m */,
				CB47CC751EE6471A00D81CA3 /* AMDLineView.h */,
				CB47CC761EE6471A00D81CA3 /* AMDLineView.m */,
				CB47CC771EE6471A00D81CA3 /* AMDNoDataView.h */,
				CB47CC781EE6471A00D81CA3 /* AMDNoDataView.m */,
				CB47CC791EE6471A00D81CA3 /* AMDProgressView.h */,
				CB47CC7A1EE6471A00D81CA3 /* AMDProgressView.m */,
				CB47CC7B1EE6471A00D81CA3 /* AMDRootNavgationBar.h */,
				CB47CC7C1EE6471A00D81CA3 /* AMDRootNavgationBar.m */,
				CB47CC7D1EE6471A00D81CA3 /* AMDScrollView.h */,
				CB47CC7E1EE6471A00D81CA3 /* AMDScrollView.m */,
				CB47CC7F1EE6471A00D81CA3 /* AMDSegmentedControl.h */,
				CB47CC801EE6471A00D81CA3 /* AMDSegmentedControl.m */,
				CB47CC811EE6471A00D81CA3 /* AMDTextField.h */,
				CB47CC821EE6471A00D81CA3 /* AMDTextField.m */,
				CB47CC831EE6471A00D81CA3 /* AYEActionSheetView.h */,
				CB47CC841EE6471A00D81CA3 /* AYEActionSheetView.m */,
				CB47CC851EE6471A00D81CA3 /* AYESheetCell.h */,
				CB47CC861EE6471A00D81CA3 /* AYESheetCell.m */,
				CB47CC881EE6471A00D81CA3 /* CustomTableView */,
				CB47CC901EE6471A00D81CA3 /* CustomTextView.h */,
				CB47CC911EE6471A00D81CA3 /* CustomTextView.m */,
				CB4437691F3192DA00FF108C /* AMDSelectItemView.h */,
				CB44376A1F3192DA00FF108C /* AMDSelectItemView.m */,
				CB4724F31F95FEFB00F14E87 /* AMDCloseControl.h */,
				CB4724F41F95FEFB00F14E87 /* AMDCloseControl.m */,
			);
			path = View;
			sourceTree = "<group>";
		};
		CB47CC881EE6471A00D81CA3 /* CustomTableView */ = {
			isa = PBXGroup;
			children = (
				CB47CC8B1EE6471A00D81CA3 /* CustomTableView.h */,
				CB47CC8C1EE6471A00D81CA3 /* CustomTableView.m */,
				CB47CC8D1EE6471A00D81CA3 /* CustomTableViewDelegate.h */,
				CB47CC8E1EE6471A00D81CA3 /* GeneralTableView.h */,
				CB47CC8F1EE6471A00D81CA3 /* GeneralTableView.m */,
			);
			path = CustomTableView;
			sourceTree = "<group>";
		};
		CB47CCED1EE6480B00D81CA3 /* MJRefresh */ = {
			isa = PBXGroup;
			children = (
				CB47CCEF1EE6480B00D81CA3 /* AMDMJRefresh.h */,
				CB47CCF01EE6480B00D81CA3 /* AMDMJRefreshBaseView.h */,
				CB47CCF11EE6480B00D81CA3 /* AMDMJRefreshBaseView.m */,
				CB47CCF21EE6480B00D81CA3 /* AMDMJRefreshConst.h */,
				CB47CCF31EE6480B00D81CA3 /* AMDMJRefreshConst.m */,
				CB47CCF41EE6480B00D81CA3 /* AMDMJRefreshFooterView.h */,
				CB47CCF51EE6480B00D81CA3 /* AMDMJRefreshFooterView.m */,
				CB47CCF61EE6480B00D81CA3 /* AMDMJRefreshHeaderView.h */,
				CB47CCF71EE6480B00D81CA3 /* AMDMJRefreshHeaderView.m */,
				CB47CCF81EE6480B00D81CA3 /* UIScrollView+AMDMJExtension.h */,
				CB47CCF91EE6480B00D81CA3 /* UIScrollView+AMDMJExtension.m */,
				CB47CCFA1EE6480B00D81CA3 /* UIScrollView+AMDMJRefresh.h */,
				CB47CCFB1EE6480B00D81CA3 /* UIScrollView+AMDMJRefresh.m */,
				CB47CCFC1EE6480B00D81CA3 /* UIView+AMDMJExtension.h */,
				CB47CCFD1EE6480B00D81CA3 /* UIView+AMDMJExtension.m */,
				CB17995B1EF0CC2C00EA83FC /* AMDMJRefresh.bundle */,
			);
			path = MJRefresh;
			sourceTree = "<group>";
		};
		CB47CD151EE64DFE00D81CA3 /* ios */ = {
			isa = PBXGroup;
			children = (
				CB47CD191EE64DFE00D81CA3 /* AppDelegate.h */,
				CB47CD1A1EE64DFE00D81CA3 /* AppDelegate.m */,
				CB47CD1C1EE64DFE00D81CA3 /* ViewController.h */,
				CB47CD1D1EE64DFE00D81CA3 /* ViewController.m */,
				CB47CD1F1EE64DFE00D81CA3 /* Main.storyboard */,
				CB47CD221EE64DFE00D81CA3 /* Assets.xcassets */,
				CB47CD241EE64DFE00D81CA3 /* LaunchScreen.storyboard */,
				CB47CD271EE64DFE00D81CA3 /* Info.plist */,
				CB47CD161EE64DFE00D81CA3 /* Supporting Files */,
				CB47BE331F7B628400F1BA65 /* TestController.h */,
				CB47BE341F7B628400F1BA65 /* TestController.m */,
			);
			path = ios;
			sourceTree = "<group>";
		};
		CB47CD161EE64DFE00D81CA3 /* Supporting Files */ = {
			isa = PBXGroup;
			children = (
				CB47CD171EE64DFE00D81CA3 /* main.m */,
			);
			name = "Supporting Files";
			sourceTree = "<group>";
		};
		D2256BCD79D60BB95CC08E1E /* Pods */ = {
			isa = PBXGroup;
			children = (
				DF4D764CA25168F83786CBD9 /* Pods-SSBaseKit.debug.xcconfig */,
				6BA5DF9FE8CEC90D619B909F /* Pods-SSBaseKit.release.xcconfig */,
				ACA114F7AD39C1CAA8529DA3 /* Pods-ios.debug.xcconfig */,
				7888E6B63D6D041C6E17ABE7 /* Pods-ios.release.xcconfig */,
			);
			name = Pods;
			sourceTree = "<group>";
		};
		EF8E193FBEAB9F08F0C2EF4D /* Frameworks */ = {
			isa = PBXGroup;
			children = (
				CB0C75951EEAA61E00E28AA3 /* Pods_SSBaseKit.framework */,
				CB1DF49E1EE653DA00B93F81 /* Masonry.framework */,
				8AAB8292968023680995BEF7 /* Pods_SSBaseKit.framework */,
				8DAAA301493F9EF28A3012B2 /* Pods_ios.framework */,
			);
			name = Frameworks;
			sourceTree = "<group>";
		};
/* End PBXGroup section */

/* Begin PBXHeadersBuildPhase section */
		CB47CC221EE6471000D81CA3 /* Headers */ = {
			isa = PBXHeadersBuildPhase;
			buildActionMask = 2147483647;
			files = (
				CB47CCB71EE6471A00D81CA3 /* AMDEntityProtocol.h in Headers */,
				CB47CCAB1EE6471A00D81CA3 /* AMDWebViewPopverView.h in Headers */,
				CB47CCB41EE6471A00D81CA3 /* AMDWebViewController.h in Headers */,
				CB47CCC11EE6471A00D81CA3 /* UIView+SSExtension.h in Headers */,
				CB47CCEB1EE6471A00D81CA3 /* CustomTextView.h in Headers */,
				CB47CCDF1EE6471A00D81CA3 /* AYEActionSheetView.h in Headers */,
				CB47CCAD1EE6471A00D81CA3 /* AMDRootProtocol.h in Headers */,
				CB47CCB01EE6471A00D81CA3 /* AMDTabbarController.h in Headers */,
				CB47CCB21EE6471A00D81CA3 /* AMDTabbarItem.h in Headers */,
				CB47CC941EE6471A00D81CA3 /* AMDAnimationWebView.h in Headers */,
				CB47CC9E1EE6471A00D81CA3 /* AMDLabelShowView.h in Headers */,
				CB47CCAE1EE6471A00D81CA3 /* AMDRootViewController.h in Headers */,
				CB2D53421F15B5AC005A1B3F /* AMDSexSetView.h in Headers */,
				CB47CCD31EE6471A00D81CA3 /* AMDNoDataView.h in Headers */,
				CB53B2D41F4D1D0B0083A31B /* UIButton+SSBackground.h in Headers */,
				CB47CCC91EE6471A00D81CA3 /* AMDBaseView.h in Headers */,
				CB4724F51F95FEFB00F14E87 /* AMDCloseControl.h in Headers */,
				CB47CCCD1EE6471A00D81CA3 /* AMDCopyLabel.h in Headers */,
				CB47CCD71EE6471A00D81CA3 /* AMDRootNavgationBar.h in Headers */,
				CB47CCDB1EE6471A00D81CA3 /* AMDSegmentedControl.h in Headers */,
				CB47CCD91EE6471A00D81CA3 /* AMDScrollView.h in Headers */,
				CB47CCBA1EE6471A00D81CA3 /* AMDWebViewProgress.h in Headers */,
				CB47CCA81EE6471A00D81CA3 /* AMDSetAmountView.h in Headers */,
				CB47CCA01EE6471A00D81CA3 /* AMDLabelSwitchView.h in Headers */,
				CB47CCA41EE6471A00D81CA3 /* AMDLoadingView.h in Headers */,
				CB47CCCF1EE6471A00D81CA3 /* AMDImageView.h in Headers */,
				CB47CCDD1EE6471A00D81CA3 /* AMDTextField.h in Headers */,
				CB47CCCB1EE6471A00D81CA3 /* AMDButton.h in Headers */,
				CB47CC9C1EE6471A00D81CA3 /* AMDLabelFieldView.h in Headers */,
				CB47CCAA1EE6471A00D81CA3 /* AMDWebViewDelegate.h in Headers */,
				CB47CCD51EE6471A00D81CA3 /* AMDProgressView.h in Headers */,
				CB47CCA21EE6471A00D81CA3 /* AMDLabelTextView.h in Headers */,
				CB47CC981EE6471A00D81CA3 /* AMDImgViewLabelView.h in Headers */,
				CB47CCC71EE6471A00D81CA3 /* AMDBaseCell.h in Headers */,
				CB34AE171F18C5540006A562 /* AMDControllerTransitionDelegate.h in Headers */,
				CB47CC9A1EE6471A00D81CA3 /* AMDKeyboradView.h in Headers */,
				CB47CCE61EE6471A00D81CA3 /* CustomTableView.h in Headers */,
				CB47CCD11EE6471A00D81CA3 /* AMDLineView.h in Headers */,
				CB47CCA61EE6471A00D81CA3 /* AMDMultipleTypeView.h in Headers */,
				CB47CCC51EE6471A00D81CA3 /* AMDBackControl.h in Headers */,
				CB0C75931EEA54CC00E28AA3 /* AASRegionChoiceView.h in Headers */,
				CB47CCE81EE6471A00D81CA3 /* CustomTableViewDelegate.h in Headers */,
				CB7AE8501F4AF5A3005E8E1F /* SSLinkageView.h in Headers */,
				CB44376B1F3192DA00FF108C /* AMDSelectItemView.h in Headers */,
				CB47CD001EE6480B00D81CA3 /* AMDMJRefreshBaseView.h in Headers */,
				CB47CCE11EE6471A00D81CA3 /* AYESheetCell.h in Headers */,
				CB47CD081EE6480B00D81CA3 /* UIScrollView+AMDMJExtension.h in Headers */,
				CB47CCE91EE6471A00D81CA3 /* GeneralTableView.h in Headers */,
				CB47CCFF1EE6480B00D81CA3 /* AMDMJRefresh.h in Headers */,
				CB47CD0F1EE64D8C00D81CA3 /* UIView+AMDMJExtension.h in Headers */,
				CB47CD021EE6480B00D81CA3 /* AMDMJRefreshConst.h in Headers */,
				CB47CD061EE6480B00D81CA3 /* AMDMJRefreshHeaderView.h in Headers */,
				CB47CC2A1EE6471000D81CA3 /* SSBaseKit.h in Headers */,
				CB47CCC01EE6471A00D81CA3 /* SSGlobalVar.h in Headers */,
				CB47CD041EE6480B00D81CA3 /* AMDMJRefreshFooterView.h in Headers */,
			);
			runOnlyForDeploymentPostprocessing = 0;
		};
/* End PBXHeadersBuildPhase section */

/* Begin PBXNativeTarget section */
		CB47CC241EE6471000D81CA3 /* SSBaseKit */ = {
			isa = PBXNativeTarget;
			buildConfigurationList = CB47CC2D1EE6471000D81CA3 /* Build configuration list for PBXNativeTarget "SSBaseKit" */;
			buildPhases = (
				CAEBE1195A52C1D4B2027427 /* [CP] Check Pods Manifest.lock */,
				CB47CC201EE6471000D81CA3 /* Sources */,
				CB47CC211EE6471000D81CA3 /* Frameworks */,
				CB47CC221EE6471000D81CA3 /* Headers */,
				CB47CC231EE6471000D81CA3 /* Resources */,
				DAB4B2CE0BB12DBC62094B7E /* [CP] Copy Pods Resources */,
			);
			buildRules = (
			);
			dependencies = (
			);
			name = SSBaseKit;
			productName = SSBaseKit;
			productReference = CB47CC251EE6471000D81CA3 /* SSBaseKit.framework */;
			productType = "com.apple.product-type.framework";
		};
		CB47CD131EE64DFE00D81CA3 /* ios */ = {
			isa = PBXNativeTarget;
			buildConfigurationList = CB47CD281EE64DFE00D81CA3 /* Build configuration list for PBXNativeTarget "ios" */;
			buildPhases = (
				3E845E8CA29B2E918507BFED /* [CP] Check Pods Manifest.lock */,
				CB47CD101EE64DFE00D81CA3 /* Sources */,
				CB47CD111EE64DFE00D81CA3 /* Frameworks */,
				CB47CD121EE64DFE00D81CA3 /* Resources */,
				17CE330C4971A6B859621C2B /* [CP] Embed Pods Frameworks */,
				3375DCAC84539C3B1A1C9E8F /* [CP] Copy Pods Resources */,
			);
			buildRules = (
			);
			dependencies = (
			);
			name = ios;
			productName = ios;
			productReference = CB47CD141EE64DFE00D81CA3 /* ios.app */;
			productType = "com.apple.product-type.application";
		};
/* End PBXNativeTarget section */

/* Begin PBXProject section */
		CB47CC1C1EE6471000D81CA3 /* Project object */ = {
			isa = PBXProject;
			attributes = {
				LastUpgradeCheck = 0830;
				ORGANIZATIONNAME = SunSet;
				TargetAttributes = {
					CB47CC241EE6471000D81CA3 = {
						CreatedOnToolsVersion = 8.3.2;
						ProvisioningStyle = Automatic;
					};
					CB47CD131EE64DFE00D81CA3 = {
						CreatedOnToolsVersion = 8.3.2;
						DevelopmentTeam = R59VTBUQ8S;
						ProvisioningStyle = Manual;
					};
				};
			};
			buildConfigurationList = CB47CC1F1EE6471000D81CA3 /* Build configuration list for PBXProject "SSBaseKit" */;
			compatibilityVersion = "Xcode 3.2";
			developmentRegion = English;
			hasScannedForEncodings = 0;
			knownRegions = (
				en,
				Base,
			);
			mainGroup = CB47CC1B1EE6471000D81CA3;
			productRefGroup = CB47CC261EE6471000D81CA3 /* Products */;
			projectDirPath = "";
			projectRoot = "";
			targets = (
				CB47CC241EE6471000D81CA3 /* SSBaseKit */,
				CB47CD131EE64DFE00D81CA3 /* ios */,
			);
		};
/* End PBXProject section */

/* Begin PBXResourcesBuildPhase section */
		CB47CC231EE6471000D81CA3 /* Resources */ = {
			isa = PBXResourcesBuildPhase;
			buildActionMask = 2147483647;
			files = (
				CB17995C1EF0CC2C00EA83FC /* AMDMJRefresh.bundle in Resources */,
				CB3E39FF1F382F590003DB57 /* SSBaseKit.bundle in Resources */,
				CB614A851EE9362900471DE9 /* README in Resources */,
				CB34AE191F18D4950006A562 /* SSKeyBoard.bundle in Resources */,
			);
			runOnlyForDeploymentPostprocessing = 0;
		};
		CB47CD121EE64DFE00D81CA3 /* Resources */ = {
			isa = PBXResourcesBuildPhase;
			buildActionMask = 2147483647;
			files = (
				CB3E3A001F382F590003DB57 /* SSBaseKit.bundle in Resources */,
				CB47CD261EE64DFE00D81CA3 /* LaunchScreen.storyboard in Resources */,
				CB34AE1A1F18D4970006A562 /* SSKeyBoard.bundle in Resources */,
				CB47CD231EE64DFE00D81CA3 /* Assets.xcassets in Resources */,
				CB47CD211EE64DFE00D81CA3 /* Main.storyboard in Resources */,
			);
			runOnlyForDeploymentPostprocessing = 0;
		};
/* End PBXResourcesBuildPhase section */

/* Begin PBXShellScriptBuildPhase section */
		17CE330C4971A6B859621C2B /* [CP] Embed Pods Frameworks */ = {
			isa = PBXShellScriptBuildPhase;
			buildActionMask = 2147483647;
			files = (
			);
			inputPaths = (
			);
			name = "[CP] Embed Pods Frameworks";
			outputPaths = (
			);
			runOnlyForDeploymentPostprocessing = 0;
			shellPath = /bin/sh;
			shellScript = "\"${SRCROOT}/Pods/Target Support Files/Pods-ios/Pods-ios-frameworks.sh\"\n";
			showEnvVarsInLog = 0;
		};
		3375DCAC84539C3B1A1C9E8F /* [CP] Copy Pods Resources */ = {
			isa = PBXShellScriptBuildPhase;
			buildActionMask = 2147483647;
			files = (
			);
			inputPaths = (
			);
			name = "[CP] Copy Pods Resources";
			outputPaths = (
			);
			runOnlyForDeploymentPostprocessing = 0;
			shellPath = /bin/sh;
			shellScript = "\"${SRCROOT}/Pods/Target Support Files/Pods-ios/Pods-ios-resources.sh\"\n";
			showEnvVarsInLog = 0;
		};
		3E845E8CA29B2E918507BFED /* [CP] Check Pods Manifest.lock */ = {
			isa = PBXShellScriptBuildPhase;
			buildActionMask = 2147483647;
			files = (
			);
			inputPaths = (
			);
			name = "[CP] Check Pods Manifest.lock";
			outputPaths = (
			);
			runOnlyForDeploymentPostprocessing = 0;
			shellPath = /bin/sh;
			shellScript = "diff \"${PODS_PODFILE_DIR_PATH}/Podfile.lock\" \"${PODS_ROOT}/Manifest.lock\" > /dev/null\nif [ $? != 0 ] ; then\n    # print error to STDERR\n    echo \"error: The sandbox is not in sync with the Podfile.lock. Run 'pod install' or update your CocoaPods installation.\" >&2\n    exit 1\nfi\n";
			showEnvVarsInLog = 0;
		};
		CAEBE1195A52C1D4B2027427 /* [CP] Check Pods Manifest.lock */ = {
			isa = PBXShellScriptBuildPhase;
			buildActionMask = 2147483647;
			files = (
			);
			inputPaths = (
			);
			name = "[CP] Check Pods Manifest.lock";
			outputPaths = (
			);
			runOnlyForDeploymentPostprocessing = 0;
			shellPath = /bin/sh;
			shellScript = "diff \"${PODS_PODFILE_DIR_PATH}/Podfile.lock\" \"${PODS_ROOT}/Manifest.lock\" > /dev/null\nif [ $? != 0 ] ; then\n    # print error to STDERR\n    echo \"error: The sandbox is not in sync with the Podfile.lock. Run 'pod install' or update your CocoaPods installation.\" >&2\n    exit 1\nfi\n";
			showEnvVarsInLog = 0;
		};
		DAB4B2CE0BB12DBC62094B7E /* [CP] Copy Pods Resources */ = {
			isa = PBXShellScriptBuildPhase;
			buildActionMask = 2147483647;
			files = (
			);
			inputPaths = (
			);
			name = "[CP] Copy Pods Resources";
			outputPaths = (
			);
			runOnlyForDeploymentPostprocessing = 0;
			shellPath = /bin/sh;
			shellScript = "\"${SRCROOT}/Pods/Target Support Files/Pods-SSBaseKit/Pods-SSBaseKit-resources.sh\"\n";
			showEnvVarsInLog = 0;
		};
/* End PBXShellScriptBuildPhase section */

/* Begin PBXSourcesBuildPhase section */
		CB47CC201EE6471000D81CA3 /* Sources */ = {
			isa = PBXSourcesBuildPhase;
			buildActionMask = 2147483647;
			files = (
				CB44376C1F3192DA00FF108C /* AMDSelectItemView.m in Sources */,
				CB47CD051EE6480B00D81CA3 /* AMDMJRefreshFooterView.m in Sources */,
				CB47CCE01EE6471A00D81CA3 /* AYEActionSheetView.m in Sources */,
				CB2D53431F15B5AC005A1B3F /* AMDSexSetView.m in Sources */,
				CB47CCE71EE6471A00D81CA3 /* CustomTableView.m in Sources */,
				CB47CCEC1EE6471A00D81CA3 /* CustomTextView.m in Sources */,
				CB47CCCA1EE6471A00D81CA3 /* AMDBaseView.m in Sources */,
				CB47CD071EE6480B00D81CA3 /* AMDMJRefreshHeaderView.m in Sources */,
				CB47CCD81EE6471A00D81CA3 /* AMDRootNavgationBar.m in Sources */,
				CB7AE8511F4AF5A3005E8E1F /* SSLinkageView.m in Sources */,
				CB47CC9F1EE6471A00D81CA3 /* AMDLabelShowView.m in Sources */,
				CB47CCBB1EE6471A00D81CA3 /* AMDWebViewProgress.m in Sources */,
				CB47CCA91EE6471A00D81CA3 /* AMDSetAmountView.m in Sources */,
				CB47CCB51EE6471A00D81CA3 /* AMDWebViewController.m in Sources */,
				CB47CCC21EE6471A00D81CA3 /* UIView+SSExtension.m in Sources */,
				CB47CCE21EE6471A00D81CA3 /* AYESheetCell.m in Sources */,
				CB47CCD01EE6471A00D81CA3 /* AMDImageView.m in Sources */,
				CB47CC9D1EE6471A00D81CA3 /* AMDLabelFieldView.m in Sources */,
				CB47CC991EE6471A00D81CA3 /* AMDImgViewLabelView.m in Sources */,
				CB0C75941EEA54CC00E28AA3 /* AASRegionChoiceView.m in Sources */,
				CB47CCAF1EE6471A00D81CA3 /* AMDRootViewController.m in Sources */,
				CB47CCD41EE6471A00D81CA3 /* AMDNoDataView.m in Sources */,
				CB47CCB31EE6471A00D81CA3 /* AMDTabbarItem.m in Sources */,
				CB53B2D51F4D1D0B0083A31B /* UIButton+SSBackground.m in Sources */,
				CB47CCC81EE6471A00D81CA3 /* AMDBaseCell.m in Sources */,
				CB47CCC61EE6471A00D81CA3 /* AMDBackControl.m in Sources */,
				CB47CD0E1EE64C7A00D81CA3 /* UIScrollView+AMDMJRefresh.m in Sources */,
				CB47CCA31EE6471A00D81CA3 /* AMDLabelTextView.m in Sources */,
				CB47CD011EE6480B00D81CA3 /* AMDMJRefreshBaseView.m in Sources */,
				CB47CCB11EE6471A00D81CA3 /* AMDTabbarController.m in Sources */,
				CB47CCDA1EE6471A00D81CA3 /* AMDScrollView.m in Sources */,
				CB47CCAC1EE6471A00D81CA3 /* AMDWebViewPopverView.m in Sources */,
				CB47CD091EE6480B00D81CA3 /* UIScrollView+AMDMJExtension.m in Sources */,
				CB47CCA71EE6471A00D81CA3 /* AMDMultipleTypeView.m in Sources */,
				CB47CCA51EE6471A00D81CA3 /* AMDLoadingView.m in Sources */,
				CB47CC9B1EE6471A00D81CA3 /* AMDKeyboradView.m in Sources */,
				CB47CCEA1EE6471A00D81CA3 /* GeneralTableView.m in Sources */,
				CB4724F61F95FEFB00F14E87 /* AMDCloseControl.m in Sources */,
				CB47CCA11EE6471A00D81CA3 /* AMDLabelSwitchView.m in Sources */,
				CB47CCD61EE6471A00D81CA3 /* AMDProgressView.m in Sources */,
				CB47CCDE1EE6471A00D81CA3 /* AMDTextField.m in Sources */,
				CB47CCDC1EE6471A00D81CA3 /* AMDSegmentedControl.m in Sources */,
				CB47CCCC1EE6471A00D81CA3 /* AMDButton.m in Sources */,
				CB1DF4CD1EE66EAE00B93F81 /* UIView+AMDMJExtension.m in Sources */,
				CB47CD031EE6480B00D81CA3 /* AMDMJRefreshConst.m in Sources */,
				CB47CCD21EE6471A00D81CA3 /* AMDLineView.m in Sources */,
				CB47CCCE1EE6471A00D81CA3 /* AMDCopyLabel.m in Sources */,
				CB47CC951EE6471A00D81CA3 /* AMDAnimationWebView.m in Sources */,
			);
			runOnlyForDeploymentPostprocessing = 0;
		};
		CB47CD101EE64DFE00D81CA3 /* Sources */ = {
			isa = PBXSourcesBuildPhase;
			buildActionMask = 2147483647;
			files = (
				CB47CD1E1EE64DFE00D81CA3 /* ViewController.m in Sources */,
				CB4724F71F95FF0100F14E87 /* AMDCloseControl.m in Sources */,
				CB45E3C91F2B3462009BB7C6 /* AMDBaseView.m in Sources */,
				CB45E3E91F2B34C6009BB7C6 /* AMDTextField.m in Sources */,
				CB45E3E61F2B34C0009BB7C6 /* AMDRootNavgationBar.m in Sources */,
				CB45E3D81F2B3492009BB7C6 /* AMDSetAmountView.m in Sources */,
				CB47CD1B1EE64DFE00D81CA3 /* AppDelegate.m in Sources */,
				CB45E3CE1F2B347D009BB7C6 /* AASRegionChoiceView.m in Sources */,
				CB45E3DF1F2B34B0009BB7C6 /* AMDBaseCell.m in Sources */,
				CB53B2D61F4D1D0B0083A31B /* UIButton+SSBackground.m in Sources */,
				CB45E3EA1F2B34C9009BB7C6 /* AYEActionSheetView.m in Sources */,
				CB45E3CB1F2B3475009BB7C6 /* AMDTabbarController.m in Sources */,
				CB45E3DD1F2B34AA009BB7C6 /* UIView+SSExtension.m in Sources */,
				CB44376D1F3192DA00FF108C /* AMDSelectItemView.m in Sources */,
				CB45E3D21F2B3486009BB7C6 /* AMDLabelFieldView.m in Sources */,
				CB45E3E51F2B34BE009BB7C6 /* AMDProgressView.m in Sources */,
				CB45E3ED1F2B34CF009BB7C6 /* CustomTableView.m in Sources */,
				CB47CD181EE64DFE00D81CA3 /* main.m in Sources */,
				CB45E3E01F2B34B4009BB7C6 /* AMDButton.m in Sources */,
				CB2D53441F15B5FA005A1B3F /* AMDSexSetView.m in Sources */,
				CB45E3E41F2B34BC009BB7C6 /* AMDNoDataView.m in Sources */,
				CB45E3CA1F2B346F009BB7C6 /* AMDRootViewController.m in Sources */,
				CB45E3CF1F2B3480009BB7C6 /* AMDAnimationWebView.m in Sources */,
				CB45E3D51F2B348C009BB7C6 /* AMDLabelTextView.m in Sources */,
				CB45E3DE1F2B34AF009BB7C6 /* AMDBackControl.m in Sources */,
				CB45E3EB1F2B34CB009BB7C6 /* AYESheetCell.m in Sources */,
				CB45E3D91F2B3495009BB7C6 /* AMDWebViewPopverView.m in Sources */,
				CB45E3E31F2B34B9009BB7C6 /* AMDLineView.m in Sources */,
				CB45E3D01F2B3482009BB7C6 /* AMDImgViewLabelView.m in Sources */,
				CB7AE8521F4AF5A3005E8E1F /* SSLinkageView.m in Sources */,
				CB45E3CD1F2B3479009BB7C6 /* AMDWebViewController.m in Sources */,
				CB45E3D11F2B3484009BB7C6 /* AMDKeyboradView.m in Sources */,
				CB47BE351F7B628400F1BA65 /* TestController.m in Sources */,
				CB45E3D31F2B3489009BB7C6 /* AMDLabelShowView.m in Sources */,
				CB45E3EC1F2B34CC009BB7C6 /* CustomTextView.m in Sources */,
				CB45E3E21F2B34B8009BB7C6 /* AMDImageView.m in Sources */,
				CB45E3D71F2B3491009BB7C6 /* AMDMultipleTypeView.m in Sources */,
				CB45E3E11F2B34B6009BB7C6 /* AMDCopyLabel.m in Sources */,
				CB45E3D41F2B348B009BB7C6 /* AMDLabelSwitchView.m in Sources */,
				CB45E3EE1F2B34D0009BB7C6 /* GeneralTableView.m in Sources */,
				CB4724F91F9602CB00F14E87 /* UIView+AMDMJExtension.m in Sources */,
				CB45E3D61F2B348E009BB7C6 /* AMDLoadingView.m in Sources */,
				CB45E3DB1F2B34A7009BB7C6 /* AMDWebViewProgress.m in Sources */,
				CB45E3CC1F2B3477009BB7C6 /* AMDTabbarItem.m in Sources */,
				CB45E3E71F2B34C2009BB7C6 /* AMDScrollView.m in Sources */,
				CB45E3E81F2B34C4009BB7C6 /* AMDSegmentedControl.m in Sources */,
			);
			runOnlyForDeploymentPostprocessing = 0;
		};
/* End PBXSourcesBuildPhase section */

/* Begin PBXVariantGroup section */
		CB47CD1F1EE64DFE00D81CA3 /* Main.storyboard */ = {
			isa = PBXVariantGroup;
			children = (
				CB47CD201EE64DFE00D81CA3 /* Base */,
			);
			name = Main.storyboard;
			sourceTree = "<group>";
		};
		CB47CD241EE64DFE00D81CA3 /* LaunchScreen.storyboard */ = {
			isa = PBXVariantGroup;
			children = (
				CB47CD251EE64DFE00D81CA3 /* Base */,
			);
			name = LaunchScreen.storyboard;
			sourceTree = "<group>";
		};
/* End PBXVariantGroup section */

/* Begin XCBuildConfiguration section */
		CB47CC2B1EE6471000D81CA3 /* Debug */ = {
			isa = XCBuildConfiguration;
			buildSettings = {
				ALWAYS_SEARCH_USER_PATHS = NO;
				CLANG_ANALYZER_NONNULL = YES;
				CLANG_ANALYZER_NUMBER_OBJECT_CONVERSION = YES_AGGRESSIVE;
				CLANG_CXX_LANGUAGE_STANDARD = "gnu++0x";
				CLANG_CXX_LIBRARY = "libc++";
				CLANG_ENABLE_MODULES = YES;
				CLANG_ENABLE_OBJC_ARC = YES;
				CLANG_WARN_BOOL_CONVERSION = YES;
				CLANG_WARN_CONSTANT_CONVERSION = YES;
				CLANG_WARN_DIRECT_OBJC_ISA_USAGE = YES_ERROR;
				CLANG_WARN_DOCUMENTATION_COMMENTS = YES;
				CLANG_WARN_EMPTY_BODY = YES;
				CLANG_WARN_ENUM_CONVERSION = YES;
				CLANG_WARN_INFINITE_RECURSION = YES;
				CLANG_WARN_INT_CONVERSION = YES;
				CLANG_WARN_OBJC_ROOT_CLASS = YES_ERROR;
				CLANG_WARN_SUSPICIOUS_MOVE = YES;
				CLANG_WARN_UNREACHABLE_CODE = YES;
				CLANG_WARN__DUPLICATE_METHOD_MATCH = YES;
				"CODE_SIGN_IDENTITY[sdk=iphoneos*]" = "iPhone Developer";
				COPY_PHASE_STRIP = NO;
				CURRENT_PROJECT_VERSION = 1;
				DEBUG_INFORMATION_FORMAT = dwarf;
				ENABLE_STRICT_OBJC_MSGSEND = YES;
				ENABLE_TESTABILITY = YES;
				GCC_C_LANGUAGE_STANDARD = gnu99;
				GCC_DYNAMIC_NO_PIC = NO;
				GCC_NO_COMMON_BLOCKS = YES;
				GCC_OPTIMIZATION_LEVEL = 0;
				GCC_PREPROCESSOR_DEFINITIONS = (
					"DEBUG=1",
					"$(inherited)",
				);
				GCC_WARN_64_TO_32_BIT_CONVERSION = YES;
				GCC_WARN_ABOUT_RETURN_TYPE = YES_ERROR;
				GCC_WARN_UNDECLARED_SELECTOR = YES;
				GCC_WARN_UNINITIALIZED_AUTOS = YES_AGGRESSIVE;
				GCC_WARN_UNUSED_FUNCTION = YES;
				GCC_WARN_UNUSED_VARIABLE = YES;
				IPHONEOS_DEPLOYMENT_TARGET = 8.0;
				MTL_ENABLE_DEBUG_INFO = YES;
				ONLY_ACTIVE_ARCH = YES;
				SDKROOT = iphoneos;
				TARGETED_DEVICE_FAMILY = "1,2";
				VERSIONING_SYSTEM = "apple-generic";
				VERSION_INFO_PREFIX = "";
			};
			name = Debug;
		};
		CB47CC2C1EE6471000D81CA3 /* Release */ = {
			isa = XCBuildConfiguration;
			buildSettings = {
				ALWAYS_SEARCH_USER_PATHS = NO;
				CLANG_ANALYZER_NONNULL = YES;
				CLANG_ANALYZER_NUMBER_OBJECT_CONVERSION = YES_AGGRESSIVE;
				CLANG_CXX_LANGUAGE_STANDARD = "gnu++0x";
				CLANG_CXX_LIBRARY = "libc++";
				CLANG_ENABLE_MODULES = YES;
				CLANG_ENABLE_OBJC_ARC = YES;
				CLANG_WARN_BOOL_CONVERSION = YES;
				CLANG_WARN_CONSTANT_CONVERSION = YES;
				CLANG_WARN_DIRECT_OBJC_ISA_USAGE = YES_ERROR;
				CLANG_WARN_DOCUMENTATION_COMMENTS = YES;
				CLANG_WARN_EMPTY_BODY = YES;
				CLANG_WARN_ENUM_CONVERSION = YES;
				CLANG_WARN_INFINITE_RECURSION = YES;
				CLANG_WARN_INT_CONVERSION = YES;
				CLANG_WARN_OBJC_ROOT_CLASS = YES_ERROR;
				CLANG_WARN_SUSPICIOUS_MOVE = YES;
				CLANG_WARN_UNREACHABLE_CODE = YES;
				CLANG_WARN__DUPLICATE_METHOD_MATCH = YES;
				"CODE_SIGN_IDENTITY[sdk=iphoneos*]" = "iPhone Developer";
				COPY_PHASE_STRIP = NO;
				CURRENT_PROJECT_VERSION = 1;
				DEBUG_INFORMATION_FORMAT = "dwarf-with-dsym";
				ENABLE_NS_ASSERTIONS = NO;
				ENABLE_STRICT_OBJC_MSGSEND = YES;
				GCC_C_LANGUAGE_STANDARD = gnu99;
				GCC_NO_COMMON_BLOCKS = YES;
				GCC_WARN_64_TO_32_BIT_CONVERSION = YES;
				GCC_WARN_ABOUT_RETURN_TYPE = YES_ERROR;
				GCC_WARN_UNDECLARED_SELECTOR = YES;
				GCC_WARN_UNINITIALIZED_AUTOS = YES_AGGRESSIVE;
				GCC_WARN_UNUSED_FUNCTION = YES;
				GCC_WARN_UNUSED_VARIABLE = YES;
				IPHONEOS_DEPLOYMENT_TARGET = 8.0;
				MTL_ENABLE_DEBUG_INFO = NO;
				SDKROOT = iphoneos;
				TARGETED_DEVICE_FAMILY = "1,2";
				VALIDATE_PRODUCT = YES;
				VERSIONING_SYSTEM = "apple-generic";
				VERSION_INFO_PREFIX = "";
			};
			name = Release;
		};
		CB47CC2E1EE6471000D81CA3 /* Debug */ = {
			isa = XCBuildConfiguration;
			baseConfigurationReference = DF4D764CA25168F83786CBD9 /* Pods-SSBaseKit.debug.xcconfig */;
			buildSettings = {
				CODE_SIGN_IDENTITY = "";
				DEFINES_MODULE = YES;
				DEVELOPMENT_TEAM = "";
				DYLIB_COMPATIBILITY_VERSION = 1;
				DYLIB_CURRENT_VERSION = 1;
				DYLIB_INSTALL_NAME_BASE = "@rpath";
				ENABLE_STRICT_OBJC_MSGSEND = NO;
				INFOPLIST_FILE = SSBaseKit/Info.plist;
				INSTALL_PATH = "$(LOCAL_LIBRARY_DIR)/Frameworks";
				LD_RUNPATH_SEARCH_PATHS = "$(inherited) @executable_path/Frameworks @loader_path/Frameworks";
				MACH_O_TYPE = mh_dylib;
				PRODUCT_BUNDLE_IDENTIFIER = com.ylwdwd.SSBaseKit;
				PRODUCT_NAME = "$(TARGET_NAME)";
				SKIP_INSTALL = YES;
			};
			name = Debug;
		};
		CB47CC2F1EE6471000D81CA3 /* Release */ = {
			isa = XCBuildConfiguration;
			baseConfigurationReference = 6BA5DF9FE8CEC90D619B909F /* Pods-SSBaseKit.release.xcconfig */;
			buildSettings = {
				CODE_SIGN_IDENTITY = "";
				DEFINES_MODULE = YES;
				DEVELOPMENT_TEAM = "";
				DYLIB_COMPATIBILITY_VERSION = 1;
				DYLIB_CURRENT_VERSION = 1;
				DYLIB_INSTALL_NAME_BASE = "@rpath";
				ENABLE_STRICT_OBJC_MSGSEND = NO;
				INFOPLIST_FILE = SSBaseKit/Info.plist;
				INSTALL_PATH = "$(LOCAL_LIBRARY_DIR)/Frameworks";
				LD_RUNPATH_SEARCH_PATHS = "$(inherited) @executable_path/Frameworks @loader_path/Frameworks";
				MACH_O_TYPE = mh_dylib;
				PRODUCT_BUNDLE_IDENTIFIER = com.ylwdwd.SSBaseKit;
				PRODUCT_NAME = "$(TARGET_NAME)";
				SKIP_INSTALL = YES;
			};
			name = Release;
		};
		CB47CD291EE64DFE00D81CA3 /* Debug */ = {
			isa = XCBuildConfiguration;
			baseConfigurationReference = ACA114F7AD39C1CAA8529DA3 /* Pods-ios.debug.xcconfig */;
			buildSettings = {
				ASSETCATALOG_COMPILER_APPICON_NAME = AppIcon;
				DEVELOPMENT_TEAM = R59VTBUQ8S;
				INFOPLIST_FILE = ios/Info.plist;
				IPHONEOS_DEPLOYMENT_TARGET = 8.0;
				LD_RUNPATH_SEARCH_PATHS = "$(inherited) @executable_path/Frameworks";
				OTHER_LDFLAGS = "$(inherited)";
				PRODUCT_BUNDLE_IDENTIFIER = com.ylwdwd.mengmeng;
				PRODUCT_NAME = "$(TARGET_NAME)";
				PROVISIONING_PROFILE = "222266e8-c759-4d34-8012-5a7d936a6c34";
				PROVISIONING_PROFILE_SPECIFIER = "memgmeng dev";
			};
			name = Debug;
		};
		CB47CD2A1EE64DFE00D81CA3 /* Release */ = {
			isa = XCBuildConfiguration;
			baseConfigurationReference = 7888E6B63D6D041C6E17ABE7 /* Pods-ios.release.xcconfig */;
			buildSettings = {
				ASSETCATALOG_COMPILER_APPICON_NAME = AppIcon;
				DEVELOPMENT_TEAM = "";
				INFOPLIST_FILE = ios/Info.plist;
				IPHONEOS_DEPLOYMENT_TARGET = 8.0;
				LD_RUNPATH_SEARCH_PATHS = "$(inherited) @executable_path/Frameworks";
				OTHER_LDFLAGS = "$(inherited)";
				PRODUCT_BUNDLE_IDENTIFIER = com.ylwdwd.mengmeng;
				PRODUCT_NAME = "$(TARGET_NAME)";
				PROVISIONING_PROFILE_SPECIFIER = "";
			};
			name = Release;
		};
/* End XCBuildConfiguration section */

/* Begin XCConfigurationList section */
		CB47CC1F1EE6471000D81CA3 /* Build configuration list for PBXProject "SSBaseKit" */ = {
			isa = XCConfigurationList;
			buildConfigurations = (
				CB47CC2B1EE6471000D81CA3 /* Debug */,
				CB47CC2C1EE6471000D81CA3 /* Release */,
			);
			defaultConfigurationIsVisible = 0;
			defaultConfigurationName = Release;
		};
		CB47CC2D1EE6471000D81CA3 /* Build configuration list for PBXNativeTarget "SSBaseKit" */ = {
			isa = XCConfigurationList;
			buildConfigurations = (
				CB47CC2E1EE6471000D81CA3 /* Debug */,
				CB47CC2F1EE6471000D81CA3 /* Release */,
			);
			defaultConfigurationIsVisible = 0;
			defaultConfigurationName = Release;
		};
		CB47CD281EE64DFE00D81CA3 /* Build configuration list for PBXNativeTarget "ios" */ = {
			isa = XCConfigurationList;
			buildConfigurations = (
				CB47CD291EE64DFE00D81CA3 /* Debug */,
				CB47CD2A1EE64DFE00D81CA3 /* Release */,
			);
			defaultConfigurationIsVisible = 0;
			defaultConfigurationName = Release;
		};
/* End XCConfigurationList section */
	};
	rootObject = CB47CC1C1EE6471000D81CA3 /* Project object */;
}
